// !$*UTF8*$!
{
	archiveVersion = 1;
	classes = {
	};
	objectVersion = 46;
	objects = {

/* Begin PBXBuildFile section */
		017AA4F075A83D3D85121DC1 /* Pods_BaseAppV2.framework in Frameworks */ = {isa = PBXBuildFile; fileRef = 41C1F2B92FFE60C0C4670124 /* Pods_BaseAppV2.framework */; };
		323127DB1E74A642007BE4C3 /* Promise+Extension.swift in Sources */ = {isa = PBXBuildFile; fileRef = 323127DA1E74A642007BE4C3 /* Promise+Extension.swift */; };
		3C804FBC18A949E496F46FDC /* Pods_BaseAppV2Tests.framework in Frameworks */ = {isa = PBXBuildFile; fileRef = 551A5F4DF39C3E79AE2F0DB3 /* Pods_BaseAppV2Tests.framework */; };
		3E75A45D147B0B8ED0CA30A5 /* Pods_BaseAppV2UITests.framework in Frameworks */ = {isa = PBXBuildFile; fileRef = 4CDA04068818566DC0655B1A /* Pods_BaseAppV2UITests.framework */; };
		8801FDDC1E71BD7900F54932 /* DynamicBinder.swift in Sources */ = {isa = PBXBuildFile; fileRef = 8801FDDB1E71BD7900F54932 /* DynamicBinder.swift */; };
		8801FDE11E71C79C00F54932 /* LoginViewModel.swift in Sources */ = {isa = PBXBuildFile; fileRef = 8801FDE01E71C79C00F54932 /* LoginViewModel.swift */; };
		8801FDE51E71E2E800F54932 /* Notification+Extension.swift in Sources */ = {isa = PBXBuildFile; fileRef = 8801FDE41E71E2E800F54932 /* Notification+Extension.swift */; };
		8801FDED1E71F17300F54932 /* BaseView.swift in Sources */ = {isa = PBXBuildFile; fileRef = 8801FDEC1E71F17300F54932 /* BaseView.swift */; };
		8801FDF41E72016000F54932 /* BaseTextField.swift in Sources */ = {isa = PBXBuildFile; fileRef = 8801FDF31E72016000F54932 /* BaseTextField.swift */; };
		8801FDF71E720F4900F54932 /* BaseButton.swift in Sources */ = {isa = PBXBuildFile; fileRef = 8801FDF61E720F4900F54932 /* BaseButton.swift */; };
		8801FDFB1E72310B00F54932 /* UIColor+Extension.swift in Sources */ = {isa = PBXBuildFile; fileRef = 8801FDFA1E72310B00F54932 /* UIColor+Extension.swift */; };
		8801FDFD1E72357500F54932 /* UIViewController+Extension.swift in Sources */ = {isa = PBXBuildFile; fileRef = 8801FDFC1E72357500F54932 /* UIViewController+Extension.swift */; };
		8801FDFF1E723DD900F54932 /* UIStoryboard+Extension.swift in Sources */ = {isa = PBXBuildFile; fileRef = 8801FDFE1E723DD900F54932 /* UIStoryboard+Extension.swift */; };
		8801FE011E72418E00F54932 /* LoginViewController.swift in Sources */ = {isa = PBXBuildFile; fileRef = 8801FE001E72418E00F54932 /* LoginViewController.swift */; };
		8801FE031E72462B00F54932 /* UIViewControllerExtensionTests.swift in Sources */ = {isa = PBXBuildFile; fileRef = 8801FE021E72462B00F54932 /* UIViewControllerExtensionTests.swift */; };
		880454C51E65E32C00D4A499 /* AppDelegate.swift in Sources */ = {isa = PBXBuildFile; fileRef = 880454C41E65E32C00D4A499 /* AppDelegate.swift */; };
		880454CC1E65E32C00D4A499 /* Main.storyboard in Resources */ = {isa = PBXBuildFile; fileRef = 880454CA1E65E32C00D4A499 /* Main.storyboard */; };
		880454CE1E65E32C00D4A499 /* Assets.xcassets in Resources */ = {isa = PBXBuildFile; fileRef = 880454CD1E65E32C00D4A499 /* Assets.xcassets */; };
		880454D11E65E32C00D4A499 /* LaunchScreen.storyboard in Resources */ = {isa = PBXBuildFile; fileRef = 880454CF1E65E32C00D4A499 /* LaunchScreen.storyboard */; };
		880454DC1E65E32C00D4A499 /* BaseAppV2Tests.swift in Sources */ = {isa = PBXBuildFile; fileRef = 880454DB1E65E32C00D4A499 /* BaseAppV2Tests.swift */; };
		880454E71E65E32C00D4A499 /* BaseAppV2UITests.swift in Sources */ = {isa = PBXBuildFile; fileRef = 880454E61E65E32C00D4A499 /* BaseAppV2UITests.swift */; };
		880455001E66325F00D4A499 /* globalconfiguration.plist in Resources */ = {isa = PBXBuildFile; fileRef = 880454FF1E66325F00D4A499 /* globalconfiguration.plist */; };
		8804550A1E663F6100D4A499 /* ConfigurationManager.swift in Sources */ = {isa = PBXBuildFile; fileRef = 880455091E663F6100D4A499 /* ConfigurationManager.swift */; };
		8804550C1E6641B900D4A499 /* Constants.swift in Sources */ = {isa = PBXBuildFile; fileRef = 8804550B1E6641B900D4A499 /* Constants.swift */; };
		8804551C1E667CCC00D4A499 /* ConfigurationManagerTests.swift in Sources */ = {isa = PBXBuildFile; fileRef = 8804551B1E667CCC00D4A499 /* ConfigurationManagerTests.swift */; };
		8817FC141E76874C007697DF /* SignupPasswordViewController.swift in Sources */ = {isa = PBXBuildFile; fileRef = 8817FC131E76874C007697DF /* SignupPasswordViewController.swift */; };
		8817FC161E768CF2007697DF /* SignupOptionalInfoViewController.swift in Sources */ = {isa = PBXBuildFile; fileRef = 8817FC151E768CF2007697DF /* SignupOptionalInfoViewController.swift */; };
		8817FC181E769C1B007697DF /* CoreDataStackTests.swift in Sources */ = {isa = PBXBuildFile; fileRef = 8817FC171E769C1B007697DF /* CoreDataStackTests.swift */; };
		8817FC1B1E76A2CA007697DF /* NetworkClientTests.swift in Sources */ = {isa = PBXBuildFile; fileRef = 8817FC1A1E76A2CA007697DF /* NetworkClientTests.swift */; };
		8817FC1F1E76A541007697DF /* BaseEndpointInfoTests.swift in Sources */ = {isa = PBXBuildFile; fileRef = 8817FC1E1E76A541007697DF /* BaseEndpointInfoTests.swift */; };
		8817FC241E76FE9A007697DF /* currentuser.json in Resources */ = {isa = PBXBuildFile; fileRef = 8817FC231E76FE9A007697DF /* currentuser.json */; };
		8817FC261E770086007697DF /* registeruser.json in Resources */ = {isa = PBXBuildFile; fileRef = 8817FC251E770086007697DF /* registeruser.json */; };
		8817FC281E7700DF007697DF /* loginuser.json in Resources */ = {isa = PBXBuildFile; fileRef = 8817FC271E7700DF007697DF /* loginuser.json */; };
		8817FC2A1E77018D007697DF /* updateuser.json in Resources */ = {isa = PBXBuildFile; fileRef = 8817FC291E77018D007697DF /* updateuser.json */; };
		8817FC301E7707BB007697DF /* AuthenticationManagerTests.swift in Sources */ = {isa = PBXBuildFile; fileRef = 8817FC2F1E7707BB007697DF /* AuthenticationManagerTests.swift */; };
		8817FC341E77141E007697DF /* LoginViewModelTests.swift in Sources */ = {isa = PBXBuildFile; fileRef = 8817FC331E77141E007697DF /* LoginViewModelTests.swift */; };
		8817FC361E7716E8007697DF /* SignUpViewModelTests.swift in Sources */ = {isa = PBXBuildFile; fileRef = 8817FC351E7716E8007697DF /* SignUpViewModelTests.swift */; };
		8817FC3A1E781223007697DF /* currentuser.json in Resources */ = {isa = PBXBuildFile; fileRef = 8817FC391E781223007697DF /* currentuser.json */; };
		8817FC3C1E78125C007697DF /* registeruser.json in Resources */ = {isa = PBXBuildFile; fileRef = 8817FC3B1E78125C007697DF /* registeruser.json */; };
		8817FC3E1E781286007697DF /* loginuser.json in Resources */ = {isa = PBXBuildFile; fileRef = 8817FC3D1E781286007697DF /* loginuser.json */; };
		8817FC401E7812C7007697DF /* updateuser.json in Resources */ = {isa = PBXBuildFile; fileRef = 8817FC3F1E7812C7007697DF /* updateuser.json */; };
		8817FC461E782C63007697DF /* BaseAlertViewController.swift in Sources */ = {isa = PBXBuildFile; fileRef = 8817FC451E782C63007697DF /* BaseAlertViewController.swift */; };
		8817FC4A1E78BA3C007697DF /* BaseNavigationController.swift in Sources */ = {isa = PBXBuildFile; fileRef = 8817FC491E78BA3C007697DF /* BaseNavigationController.swift */; };
		8817FC4C1E78C59F007697DF /* BaseViewController.swift in Sources */ = {isa = PBXBuildFile; fileRef = 8817FC4B1E78C59F007697DF /* BaseViewController.swift */; };
		8878617A1E68CC2000C931FC /* User.swift in Sources */ = {isa = PBXBuildFile; fileRef = 887861791E68CC2000C931FC /* User.swift */; };
		88AF2E091E7B972900F93A50 /* ReuseableView.swift in Sources */ = {isa = PBXBuildFile; fileRef = 88AF2E081E7B972900F93A50 /* ReuseableView.swift */; };
		88AF2E0B1E7B9B0300F93A50 /* NibLoadableView.swift in Sources */ = {isa = PBXBuildFile; fileRef = 88AF2E0A1E7B9B0300F93A50 /* NibLoadableView.swift */; };
		88AF2E0D1E7B9CFD00F93A50 /* UITableView+Extension.swift in Sources */ = {isa = PBXBuildFile; fileRef = 88AF2E0C1E7B9CFD00F93A50 /* UITableView+Extension.swift */; };
		88AF2E111E7BB2A400F93A50 /* SettingsTableViewCell.swift in Sources */ = {isa = PBXBuildFile; fileRef = 88AF2E101E7BB2A400F93A50 /* SettingsTableViewCell.swift */; };
		88AF2E131E7BB2D000F93A50 /* BaseTableViewCell.swift in Sources */ = {isa = PBXBuildFile; fileRef = 88AF2E121E7BB2D000F93A50 /* BaseTableViewCell.swift */; };
		88AF2E161E7BBA7C00F93A50 /* SettingViewModel.swift in Sources */ = {isa = PBXBuildFile; fileRef = 88AF2E151E7BBA7C00F93A50 /* SettingViewModel.swift */; };
		88AF2E1C1E7C222400F93A50 /* Fabric.framework in Frameworks */ = {isa = PBXBuildFile; fileRef = 88AF2E1B1E7C222400F93A50 /* Fabric.framework */; };
		88AF2E1E1E7C223E00F93A50 /* Crashlytics.framework in Frameworks */ = {isa = PBXBuildFile; fileRef = 88AF2E1D1E7C223E00F93A50 /* Crashlytics.framework */; };
		88F3FE091E7311B7003162F8 /* AuthenticationNavigationController.swift in Sources */ = {isa = PBXBuildFile; fileRef = 88F3FE081E7311B7003162F8 /* AuthenticationNavigationController.swift */; };
		88F3FE0B1E7316CC003162F8 /* CaseCount.swift in Sources */ = {isa = PBXBuildFile; fileRef = 88F3FE0A1E7316CC003162F8 /* CaseCount.swift */; };
		88F3FE0D1E732A21003162F8 /* SignUpViewModel.swift in Sources */ = {isa = PBXBuildFile; fileRef = 88F3FE0C1E732A21003162F8 /* SignUpViewModel.swift */; };
		88F3FE131E734C94003162F8 /* UIStoryboardSegue+Extension.swift in Sources */ = {isa = PBXBuildFile; fileRef = 88F3FE121E734C94003162F8 /* UIStoryboardSegue+Extension.swift */; };
		88F3FE161E736118003162F8 /* SettingsViewController.swift in Sources */ = {isa = PBXBuildFile; fileRef = 88F3FE151E736118003162F8 /* SettingsViewController.swift */; };
		88F3FE181E740741003162F8 /* UIView+Extension.swift in Sources */ = {isa = PBXBuildFile; fileRef = 88F3FE171E740741003162F8 /* UIView+Extension.swift */; };
		88F3FE1B1E7679E5003162F8 /* SignupEmailViewController.swift in Sources */ = {isa = PBXBuildFile; fileRef = 88F3FE1A1E7679E5003162F8 /* SignupEmailViewController.swift */; };
		88F8C9631E69F926006D6BC9 /* CoreDataStack.swift in Sources */ = {isa = PBXBuildFile; fileRef = 88F8C9621E69F926006D6BC9 /* CoreDataStack.swift */; };
		88F8C9671E6A4C45006D6BC9 /* NetworkClient.swift in Sources */ = {isa = PBXBuildFile; fileRef = 88F8C9661E6A4C45006D6BC9 /* NetworkClient.swift */; };
		88FBC27A1E6DE299003AEEC4 /* Model.xcdatamodeld in Sources */ = {isa = PBXBuildFile; fileRef = 887861601E68B11E00C931FC /* Model.xcdatamodeld */; };
		88FBC27C1E6DE36D003AEEC4 /* BaseError.swift in Sources */ = {isa = PBXBuildFile; fileRef = 88FBC27B1E6DE36D003AEEC4 /* BaseError.swift */; };
		88FBC2871E6E84E1003AEEC4 /* Localizable.strings in Resources */ = {isa = PBXBuildFile; fileRef = 88FBC2861E6E84E1003AEEC4 /* Localizable.strings */; };
		88FBC28A1E6E8788003AEEC4 /* DataRequest+Extension.swift in Sources */ = {isa = PBXBuildFile; fileRef = 88FBC2891E6E8788003AEEC4 /* DataRequest+Extension.swift */; };
		88FBC28C1E6E8F7A003AEEC4 /* UserTests.swift in Sources */ = {isa = PBXBuildFile; fileRef = 88FBC28B1E6E8F7A003AEEC4 /* UserTests.swift */; };
		88FBC2941E6EAB4B003AEEC4 /* NSManagedObject+Extension.swift in Sources */ = {isa = PBXBuildFile; fileRef = 88FBC2931E6EAB4B003AEEC4 /* NSManagedObject+Extension.swift */; };
		88FBC2971E6EADD7003AEEC4 /* NSManagedObjectExtensionTests.swift in Sources */ = {isa = PBXBuildFile; fileRef = 88FBC2961E6EADD7003AEEC4 /* NSManagedObjectExtensionTests.swift */; };
		88FBC2991E6EBF7A003AEEC4 /* TestAppDelegate.swift in Sources */ = {isa = PBXBuildFile; fileRef = 88FBC2981E6EBF7A003AEEC4 /* TestAppDelegate.swift */; };
		88FBC29B1E6EC0BF003AEEC4 /* main.swift in Sources */ = {isa = PBXBuildFile; fileRef = 88FBC29A1E6EC0BF003AEEC4 /* main.swift */; };
		88FBC2A01E6F1D15003AEEC4 /* AppLogger.swift in Sources */ = {isa = PBXBuildFile; fileRef = 88FBC29F1E6F1D15003AEEC4 /* AppLogger.swift */; };
		88FBC2A51E6FFD39003AEEC4 /* BaseErrorTests.swift in Sources */ = {isa = PBXBuildFile; fileRef = 88FBC2A41E6FFD39003AEEC4 /* BaseErrorTests.swift */; };
		88FBC2A81E70099A003AEEC4 /* BaseEndpoint.swift in Sources */ = {isa = PBXBuildFile; fileRef = 88FBC2A71E70099A003AEEC4 /* BaseEndpoint.swift */; };
		88FBC2AB1E701AE3003AEEC4 /* SessionManager.swift in Sources */ = {isa = PBXBuildFile; fileRef = 88FBC2AA1E701AE3003AEEC4 /* SessionManager.swift */; };
		88FBC2AD1E7022F4003AEEC4 /* AuthenticationEndpoint.swift in Sources */ = {isa = PBXBuildFile; fileRef = 88FBC2AC1E7022F4003AEEC4 /* AuthenticationEndpoint.swift */; };
		88FBC2AF1E70DE42003AEEC4 /* AuthenticationManager.swift in Sources */ = {isa = PBXBuildFile; fileRef = 88FBC2AE1E70DE42003AEEC4 /* AuthenticationManager.swift */; };
/* End PBXBuildFile section */

/* Begin PBXContainerItemProxy section */
		880454D81E65E32C00D4A499 /* PBXContainerItemProxy */ = {
			isa = PBXContainerItemProxy;
			containerPortal = 880454B91E65E32C00D4A499 /* Project object */;
			proxyType = 1;
			remoteGlobalIDString = 880454C01E65E32C00D4A499;
			remoteInfo = BaseAppV2;
		};
		880454E31E65E32C00D4A499 /* PBXContainerItemProxy */ = {
			isa = PBXContainerItemProxy;
			containerPortal = 880454B91E65E32C00D4A499 /* Project object */;
			proxyType = 1;
			remoteGlobalIDString = 880454C01E65E32C00D4A499;
			remoteInfo = BaseAppV2;
		};
/* End PBXContainerItemProxy section */

/* Begin PBXFileReference section */
		0143B6243C093A5109C019F7 /* Pods-BaseAppV2UITests.release.xcconfig */ = {isa = PBXFileReference; includeInIndex = 1; lastKnownFileType = text.xcconfig; name = "Pods-BaseAppV2UITests.release.xcconfig"; path = "Pods/Target Support Files/Pods-BaseAppV2UITests/Pods-BaseAppV2UITests.release.xcconfig"; sourceTree = "<group>"; };
		2C8400FFE90CF8694A6F126D /* Pods-BaseAppV2Tests.release.xcconfig */ = {isa = PBXFileReference; includeInIndex = 1; lastKnownFileType = text.xcconfig; name = "Pods-BaseAppV2Tests.release.xcconfig"; path = "Pods/Target Support Files/Pods-BaseAppV2Tests/Pods-BaseAppV2Tests.release.xcconfig"; sourceTree = "<group>"; };
		2E71E7C64F97E4D359C90804 /* Pods-BaseAppV2UITests.debug.xcconfig */ = {isa = PBXFileReference; includeInIndex = 1; lastKnownFileType = text.xcconfig; name = "Pods-BaseAppV2UITests.debug.xcconfig"; path = "Pods/Target Support Files/Pods-BaseAppV2UITests/Pods-BaseAppV2UITests.debug.xcconfig"; sourceTree = "<group>"; };
		323127DA1E74A642007BE4C3 /* Promise+Extension.swift */ = {isa = PBXFileReference; fileEncoding = 4; lastKnownFileType = sourcecode.swift; name = "Promise+Extension.swift"; path = "Extensions/Promise+Extension.swift"; sourceTree = "<group>"; };
		41C1F2B92FFE60C0C4670124 /* Pods_BaseAppV2.framework */ = {isa = PBXFileReference; explicitFileType = wrapper.framework; includeInIndex = 0; path = Pods_BaseAppV2.framework; sourceTree = BUILT_PRODUCTS_DIR; };
		4CDA04068818566DC0655B1A /* Pods_BaseAppV2UITests.framework */ = {isa = PBXFileReference; explicitFileType = wrapper.framework; includeInIndex = 0; path = Pods_BaseAppV2UITests.framework; sourceTree = BUILT_PRODUCTS_DIR; };
		551A5F4DF39C3E79AE2F0DB3 /* Pods_BaseAppV2Tests.framework */ = {isa = PBXFileReference; explicitFileType = wrapper.framework; includeInIndex = 0; path = Pods_BaseAppV2Tests.framework; sourceTree = BUILT_PRODUCTS_DIR; };
		7835E893D2CA2710B20E0AD2 /* Pods-BaseAppV2.debug.xcconfig */ = {isa = PBXFileReference; includeInIndex = 1; lastKnownFileType = text.xcconfig; name = "Pods-BaseAppV2.debug.xcconfig"; path = "Pods/Target Support Files/Pods-BaseAppV2/Pods-BaseAppV2.debug.xcconfig"; sourceTree = "<group>"; };
		8801FDDB1E71BD7900F54932 /* DynamicBinder.swift */ = {isa = PBXFileReference; fileEncoding = 4; lastKnownFileType = sourcecode.swift; name = DynamicBinder.swift; path = ViewModels/DynamicBinder.swift; sourceTree = "<group>"; };
		8801FDE01E71C79C00F54932 /* LoginViewModel.swift */ = {isa = PBXFileReference; fileEncoding = 4; lastKnownFileType = sourcecode.swift; name = LoginViewModel.swift; path = ViewModels/AuthenticationViewModels/LoginViewModel.swift; sourceTree = "<group>"; };
		8801FDE41E71E2E800F54932 /* Notification+Extension.swift */ = {isa = PBXFileReference; fileEncoding = 4; lastKnownFileType = sourcecode.swift; name = "Notification+Extension.swift"; path = "Extensions/Notification+Extension.swift"; sourceTree = "<group>"; };
		8801FDEC1E71F17300F54932 /* BaseView.swift */ = {isa = PBXFileReference; fileEncoding = 4; lastKnownFileType = sourcecode.swift; name = BaseView.swift; path = Views/SubViews/UIViews/BaseView.swift; sourceTree = "<group>"; };
		8801FDEE1E72001000F54932 /* BaseAppV2-Bridging-Header.h */ = {isa = PBXFileReference; lastKnownFileType = sourcecode.c.h; path = "BaseAppV2-Bridging-Header.h"; sourceTree = "<group>"; };
		8801FDF31E72016000F54932 /* BaseTextField.swift */ = {isa = PBXFileReference; fileEncoding = 4; lastKnownFileType = sourcecode.swift; name = BaseTextField.swift; path = Views/SubViews/UITextFields/BaseTextField.swift; sourceTree = "<group>"; };
		8801FDF61E720F4900F54932 /* BaseButton.swift */ = {isa = PBXFileReference; fileEncoding = 4; lastKnownFileType = sourcecode.swift; name = BaseButton.swift; path = Views/SubViews/UIButtons/BaseButton.swift; sourceTree = "<group>"; };
		8801FDFA1E72310B00F54932 /* UIColor+Extension.swift */ = {isa = PBXFileReference; fileEncoding = 4; lastKnownFileType = sourcecode.swift; name = "UIColor+Extension.swift"; path = "Extensions/UIColor+Extension.swift"; sourceTree = "<group>"; };
		8801FDFC1E72357500F54932 /* UIViewController+Extension.swift */ = {isa = PBXFileReference; fileEncoding = 4; lastKnownFileType = sourcecode.swift; name = "UIViewController+Extension.swift"; path = "Extensions/UIViewController+Extension.swift"; sourceTree = "<group>"; };
		8801FDFE1E723DD900F54932 /* UIStoryboard+Extension.swift */ = {isa = PBXFileReference; fileEncoding = 4; lastKnownFileType = sourcecode.swift; name = "UIStoryboard+Extension.swift"; path = "Extensions/UIStoryboard+Extension.swift"; sourceTree = "<group>"; };
		8801FE001E72418E00F54932 /* LoginViewController.swift */ = {isa = PBXFileReference; fileEncoding = 4; lastKnownFileType = sourcecode.swift; name = LoginViewController.swift; path = Views/ViewControllers/AuthenticationViewControllers/LoginViewController.swift; sourceTree = "<group>"; };
		8801FE021E72462B00F54932 /* UIViewControllerExtensionTests.swift */ = {isa = PBXFileReference; fileEncoding = 4; lastKnownFileType = sourcecode.swift; name = UIViewControllerExtensionTests.swift; path = Extensions/UIViewControllerExtensionTests.swift; sourceTree = "<group>"; };
		880454C11E65E32C00D4A499 /* BaseAppV2.app */ = {isa = PBXFileReference; explicitFileType = wrapper.application; includeInIndex = 0; path = BaseAppV2.app; sourceTree = BUILT_PRODUCTS_DIR; };
		880454C41E65E32C00D4A499 /* AppDelegate.swift */ = {isa = PBXFileReference; lastKnownFileType = sourcecode.swift; path = AppDelegate.swift; sourceTree = "<group>"; };
		880454CB1E65E32C00D4A499 /* Base */ = {isa = PBXFileReference; lastKnownFileType = file.storyboard; name = Base; path = Base.lproj/Main.storyboard; sourceTree = "<group>"; };
		880454CD1E65E32C00D4A499 /* Assets.xcassets */ = {isa = PBXFileReference; lastKnownFileType = folder.assetcatalog; path = Assets.xcassets; sourceTree = "<group>"; };
		880454D01E65E32C00D4A499 /* Base */ = {isa = PBXFileReference; lastKnownFileType = file.storyboard; name = Base; path = Base.lproj/LaunchScreen.storyboard; sourceTree = "<group>"; };
		880454D21E65E32C00D4A499 /* Info.plist */ = {isa = PBXFileReference; lastKnownFileType = text.plist.xml; path = Info.plist; sourceTree = "<group>"; };
		880454D71E65E32C00D4A499 /* BaseAppV2Tests.xctest */ = {isa = PBXFileReference; explicitFileType = wrapper.cfbundle; includeInIndex = 0; path = BaseAppV2Tests.xctest; sourceTree = BUILT_PRODUCTS_DIR; };
		880454DB1E65E32C00D4A499 /* BaseAppV2Tests.swift */ = {isa = PBXFileReference; lastKnownFileType = sourcecode.swift; path = BaseAppV2Tests.swift; sourceTree = "<group>"; };
		880454DD1E65E32C00D4A499 /* Info.plist */ = {isa = PBXFileReference; lastKnownFileType = text.plist.xml; path = Info.plist; sourceTree = "<group>"; };
		880454E21E65E32C00D4A499 /* BaseAppV2UITests.xctest */ = {isa = PBXFileReference; explicitFileType = wrapper.cfbundle; includeInIndex = 0; path = BaseAppV2UITests.xctest; sourceTree = BUILT_PRODUCTS_DIR; };
		880454E61E65E32C00D4A499 /* BaseAppV2UITests.swift */ = {isa = PBXFileReference; lastKnownFileType = sourcecode.swift; path = BaseAppV2UITests.swift; sourceTree = "<group>"; };
		880454E81E65E32C00D4A499 /* Info.plist */ = {isa = PBXFileReference; lastKnownFileType = text.plist.xml; path = Info.plist; sourceTree = "<group>"; };
		880454FF1E66325F00D4A499 /* globalconfiguration.plist */ = {isa = PBXFileReference; fileEncoding = 4; lastKnownFileType = text.plist.xml; name = globalconfiguration.plist; path = Configurations/PropertyLists/globalconfiguration.plist; sourceTree = "<group>"; };
		880455091E663F6100D4A499 /* ConfigurationManager.swift */ = {isa = PBXFileReference; fileEncoding = 4; lastKnownFileType = sourcecode.swift; name = ConfigurationManager.swift; path = CoreServices/Configuration/ConfigurationManager.swift; sourceTree = "<group>"; };
		8804550B1E6641B900D4A499 /* Constants.swift */ = {isa = PBXFileReference; fileEncoding = 4; lastKnownFileType = sourcecode.swift; path = Constants.swift; sourceTree = "<group>"; };
		8804551B1E667CCC00D4A499 /* ConfigurationManagerTests.swift */ = {isa = PBXFileReference; fileEncoding = 4; lastKnownFileType = sourcecode.swift; name = ConfigurationManagerTests.swift; path = CoreServices/Configuration/ConfigurationManagerTests.swift; sourceTree = "<group>"; };
		8817FC131E76874C007697DF /* SignupPasswordViewController.swift */ = {isa = PBXFileReference; fileEncoding = 4; lastKnownFileType = sourcecode.swift; name = SignupPasswordViewController.swift; path = Views/ViewControllers/AuthenticationViewControllers/SignupViewControllers/SignupPasswordViewController.swift; sourceTree = "<group>"; };
		8817FC151E768CF2007697DF /* SignupOptionalInfoViewController.swift */ = {isa = PBXFileReference; fileEncoding = 4; lastKnownFileType = sourcecode.swift; name = SignupOptionalInfoViewController.swift; path = Views/ViewControllers/AuthenticationViewControllers/SignupViewControllers/SignupOptionalInfoViewController.swift; sourceTree = "<group>"; };
		8817FC171E769C1B007697DF /* CoreDataStackTests.swift */ = {isa = PBXFileReference; fileEncoding = 4; lastKnownFileType = sourcecode.swift; name = CoreDataStackTests.swift; path = CoreServices/LocalStorage/CoreDataStackTests.swift; sourceTree = "<group>"; };
		8817FC1A1E76A2CA007697DF /* NetworkClientTests.swift */ = {isa = PBXFileReference; fileEncoding = 4; lastKnownFileType = sourcecode.swift; name = NetworkClientTests.swift; path = CoreServices/Networking/NetworkClient/NetworkClientTests.swift; sourceTree = "<group>"; };
		8817FC1E1E76A541007697DF /* BaseEndpointInfoTests.swift */ = {isa = PBXFileReference; fileEncoding = 4; lastKnownFileType = sourcecode.swift; name = BaseEndpointInfoTests.swift; path = CoreServices/Networking/Endpoints/BaseEndpointInfoTests.swift; sourceTree = "<group>"; };
		8817FC231E76FE9A007697DF /* currentuser.json */ = {isa = PBXFileReference; fileEncoding = 4; lastKnownFileType = text.json; name = currentuser.json; path = Resources/TestJSON/currentuser.json; sourceTree = "<group>"; };
		8817FC251E770086007697DF /* registeruser.json */ = {isa = PBXFileReference; fileEncoding = 4; lastKnownFileType = text.json; name = registeruser.json; path = Resources/TestJSON/registeruser.json; sourceTree = "<group>"; };
		8817FC271E7700DF007697DF /* loginuser.json */ = {isa = PBXFileReference; fileEncoding = 4; lastKnownFileType = text.json; name = loginuser.json; path = Resources/TestJSON/loginuser.json; sourceTree = "<group>"; };
		8817FC291E77018D007697DF /* updateuser.json */ = {isa = PBXFileReference; fileEncoding = 4; lastKnownFileType = text.json; name = updateuser.json; path = Resources/TestJSON/updateuser.json; sourceTree = "<group>"; };
		8817FC2F1E7707BB007697DF /* AuthenticationManagerTests.swift */ = {isa = PBXFileReference; fileEncoding = 4; lastKnownFileType = sourcecode.swift; name = AuthenticationManagerTests.swift; path = BusinessLogic/AuthenticationManagerTests.swift; sourceTree = "<group>"; };
		8817FC331E77141E007697DF /* LoginViewModelTests.swift */ = {isa = PBXFileReference; fileEncoding = 4; lastKnownFileType = sourcecode.swift; name = LoginViewModelTests.swift; path = ViewModels/AuthenticationViewModels/LoginViewModelTests.swift; sourceTree = "<group>"; };
		8817FC351E7716E8007697DF /* SignUpViewModelTests.swift */ = {isa = PBXFileReference; fileEncoding = 4; lastKnownFileType = sourcecode.swift; name = SignUpViewModelTests.swift; path = ViewModels/AuthenticationViewModels/SignUpViewModelTests.swift; sourceTree = "<group>"; };
		8817FC391E781223007697DF /* currentuser.json */ = {isa = PBXFileReference; fileEncoding = 4; lastKnownFileType = text.json; name = currentuser.json; path = Resources/TestJSON/currentuser.json; sourceTree = "<group>"; };
		8817FC3B1E78125C007697DF /* registeruser.json */ = {isa = PBXFileReference; fileEncoding = 4; lastKnownFileType = text.json; name = registeruser.json; path = Resources/TestJSON/registeruser.json; sourceTree = "<group>"; };
		8817FC3D1E781286007697DF /* loginuser.json */ = {isa = PBXFileReference; fileEncoding = 4; lastKnownFileType = text.json; name = loginuser.json; path = Resources/TestJSON/loginuser.json; sourceTree = "<group>"; };
		8817FC3F1E7812C7007697DF /* updateuser.json */ = {isa = PBXFileReference; fileEncoding = 4; lastKnownFileType = text.json; name = updateuser.json; path = Resources/TestJSON/updateuser.json; sourceTree = "<group>"; };
		8817FC451E782C63007697DF /* BaseAlertViewController.swift */ = {isa = PBXFileReference; fileEncoding = 4; lastKnownFileType = sourcecode.swift; name = BaseAlertViewController.swift; path = Views/SubViews/UIAlertViewControllers/BaseAlertViewController.swift; sourceTree = "<group>"; };
		8817FC491E78BA3C007697DF /* BaseNavigationController.swift */ = {isa = PBXFileReference; fileEncoding = 4; lastKnownFileType = sourcecode.swift; name = BaseNavigationController.swift; path = Views/ViewControllers/BaseNavigationController.swift; sourceTree = "<group>"; };
		8817FC4B1E78C59F007697DF /* BaseViewController.swift */ = {isa = PBXFileReference; fileEncoding = 4; lastKnownFileType = sourcecode.swift; name = BaseViewController.swift; path = Views/ViewControllers/BaseViewController.swift; sourceTree = "<group>"; };
		887861611E68B11E00C931FC /* Model.xcdatamodel */ = {isa = PBXFileReference; lastKnownFileType = wrapper.xcdatamodel; path = Model.xcdatamodel; sourceTree = "<group>"; };
		887861791E68CC2000C931FC /* User.swift */ = {isa = PBXFileReference; fileEncoding = 4; lastKnownFileType = sourcecode.swift; name = User.swift; path = Models/User.swift; sourceTree = "<group>"; };
		88AF2E081E7B972900F93A50 /* ReuseableView.swift */ = {isa = PBXFileReference; fileEncoding = 4; lastKnownFileType = sourcecode.swift; name = ReuseableView.swift; path = Protocols/ReuseableView.swift; sourceTree = "<group>"; };
		88AF2E0A1E7B9B0300F93A50 /* NibLoadableView.swift */ = {isa = PBXFileReference; fileEncoding = 4; lastKnownFileType = sourcecode.swift; name = NibLoadableView.swift; path = Protocols/NibLoadableView.swift; sourceTree = "<group>"; };
		88AF2E0C1E7B9CFD00F93A50 /* UITableView+Extension.swift */ = {isa = PBXFileReference; fileEncoding = 4; lastKnownFileType = sourcecode.swift; name = "UITableView+Extension.swift"; path = "Extensions/UITableView+Extension.swift"; sourceTree = "<group>"; };
		88AF2E101E7BB2A400F93A50 /* SettingsTableViewCell.swift */ = {isa = PBXFileReference; fileEncoding = 4; lastKnownFileType = sourcecode.swift; name = SettingsTableViewCell.swift; path = Views/SubViews/UITableViewCells/SettingsTableViewCells/SettingsTableViewCell.swift; sourceTree = "<group>"; };
		88AF2E121E7BB2D000F93A50 /* BaseTableViewCell.swift */ = {isa = PBXFileReference; fileEncoding = 4; lastKnownFileType = sourcecode.swift; name = BaseTableViewCell.swift; path = Views/SubViews/UITableViewCells/BaseTableViewCell.swift; sourceTree = "<group>"; };
		88AF2E151E7BBA7C00F93A50 /* SettingViewModel.swift */ = {isa = PBXFileReference; fileEncoding = 4; lastKnownFileType = sourcecode.swift; name = SettingViewModel.swift; path = ViewModels/SettingViewModels/SettingViewModel.swift; sourceTree = "<group>"; };
		88AF2E1B1E7C222400F93A50 /* Fabric.framework */ = {isa = PBXFileReference; lastKnownFileType = wrapper.framework; name = Fabric.framework; path = Pods/Fabric/Fabric.framework; sourceTree = "<group>"; };
		88AF2E1D1E7C223E00F93A50 /* Crashlytics.framework */ = {isa = PBXFileReference; lastKnownFileType = wrapper.framework; name = Crashlytics.framework; path = Pods/Crashlytics/Crashlytics.framework; sourceTree = "<group>"; };
		88F3FE081E7311B7003162F8 /* AuthenticationNavigationController.swift */ = {isa = PBXFileReference; fileEncoding = 4; lastKnownFileType = sourcecode.swift; name = AuthenticationNavigationController.swift; path = Views/ViewControllers/AuthenticationViewControllers/AuthenticationNavigationController.swift; sourceTree = "<group>"; };
		88F3FE0A1E7316CC003162F8 /* CaseCount.swift */ = {isa = PBXFileReference; fileEncoding = 4; lastKnownFileType = sourcecode.swift; name = CaseCount.swift; path = Protocols/CaseCount.swift; sourceTree = "<group>"; };
		88F3FE0C1E732A21003162F8 /* SignUpViewModel.swift */ = {isa = PBXFileReference; fileEncoding = 4; lastKnownFileType = sourcecode.swift; name = SignUpViewModel.swift; path = ViewModels/AuthenticationViewModels/SignUpViewModel.swift; sourceTree = "<group>"; };
		88F3FE121E734C94003162F8 /* UIStoryboardSegue+Extension.swift */ = {isa = PBXFileReference; fileEncoding = 4; lastKnownFileType = sourcecode.swift; name = "UIStoryboardSegue+Extension.swift"; path = "Extensions/UIStoryboardSegue+Extension.swift"; sourceTree = "<group>"; };
		88F3FE151E736118003162F8 /* SettingsViewController.swift */ = {isa = PBXFileReference; fileEncoding = 4; lastKnownFileType = sourcecode.swift; name = SettingsViewController.swift; path = Views/ViewControllers/SettingViewControllers/SettingsViewController.swift; sourceTree = "<group>"; };
		88F3FE171E740741003162F8 /* UIView+Extension.swift */ = {isa = PBXFileReference; fileEncoding = 4; lastKnownFileType = sourcecode.swift; name = "UIView+Extension.swift"; path = "Extensions/UIView+Extension.swift"; sourceTree = "<group>"; };
		88F3FE1A1E7679E5003162F8 /* SignupEmailViewController.swift */ = {isa = PBXFileReference; fileEncoding = 4; lastKnownFileType = sourcecode.swift; name = SignupEmailViewController.swift; path = Views/ViewControllers/AuthenticationViewControllers/SignupViewControllers/SignupEmailViewController.swift; sourceTree = "<group>"; };
		88F8C9621E69F926006D6BC9 /* CoreDataStack.swift */ = {isa = PBXFileReference; fileEncoding = 4; lastKnownFileType = sourcecode.swift; name = CoreDataStack.swift; path = CoreServices/LocalStorage/CoreDataStack.swift; sourceTree = "<group>"; };
		88F8C9661E6A4C45006D6BC9 /* NetworkClient.swift */ = {isa = PBXFileReference; fileEncoding = 4; lastKnownFileType = sourcecode.swift; name = NetworkClient.swift; path = CoreServices/Networking/NetworkClient/NetworkClient.swift; sourceTree = "<group>"; };
		88FBC27B1E6DE36D003AEEC4 /* BaseError.swift */ = {isa = PBXFileReference; fileEncoding = 4; lastKnownFileType = sourcecode.swift; name = BaseError.swift; path = Models/BaseError.swift; sourceTree = "<group>"; };
		88FBC2861E6E84E1003AEEC4 /* Localizable.strings */ = {isa = PBXFileReference; fileEncoding = 4; lastKnownFileType = text.plist.strings; name = Localizable.strings; path = Configurations/LocalizedStrings/Localizable.strings; sourceTree = "<group>"; };
		88FBC2891E6E8788003AEEC4 /* DataRequest+Extension.swift */ = {isa = PBXFileReference; fileEncoding = 4; lastKnownFileType = sourcecode.swift; name = "DataRequest+Extension.swift"; path = "Extensions/DataRequest+Extension.swift"; sourceTree = "<group>"; };
		88FBC28B1E6E8F7A003AEEC4 /* UserTests.swift */ = {isa = PBXFileReference; fileEncoding = 4; lastKnownFileType = sourcecode.swift; name = UserTests.swift; path = Models/UserTests.swift; sourceTree = "<group>"; };
		88FBC2931E6EAB4B003AEEC4 /* NSManagedObject+Extension.swift */ = {isa = PBXFileReference; fileEncoding = 4; lastKnownFileType = sourcecode.swift; name = "NSManagedObject+Extension.swift"; path = "Extensions/NSManagedObject+Extension.swift"; sourceTree = "<group>"; };
		88FBC2961E6EADD7003AEEC4 /* NSManagedObjectExtensionTests.swift */ = {isa = PBXFileReference; fileEncoding = 4; lastKnownFileType = sourcecode.swift; name = NSManagedObjectExtensionTests.swift; path = Extensions/NSManagedObjectExtensionTests.swift; sourceTree = "<group>"; };
		88FBC2981E6EBF7A003AEEC4 /* TestAppDelegate.swift */ = {isa = PBXFileReference; fileEncoding = 4; lastKnownFileType = sourcecode.swift; path = TestAppDelegate.swift; sourceTree = "<group>"; };
		88FBC29A1E6EC0BF003AEEC4 /* main.swift */ = {isa = PBXFileReference; fileEncoding = 4; lastKnownFileType = sourcecode.swift; path = main.swift; sourceTree = "<group>"; };
		88FBC29F1E6F1D15003AEEC4 /* AppLogger.swift */ = {isa = PBXFileReference; fileEncoding = 4; lastKnownFileType = sourcecode.swift; name = AppLogger.swift; path = CoreServices/Logging/AppLogger.swift; sourceTree = "<group>"; };
		88FBC2A41E6FFD39003AEEC4 /* BaseErrorTests.swift */ = {isa = PBXFileReference; fileEncoding = 4; lastKnownFileType = sourcecode.swift; name = BaseErrorTests.swift; path = Models/BaseErrorTests.swift; sourceTree = "<group>"; };
		88FBC2A71E70099A003AEEC4 /* BaseEndpoint.swift */ = {isa = PBXFileReference; fileEncoding = 4; lastKnownFileType = sourcecode.swift; name = BaseEndpoint.swift; path = CoreServices/Networking/Endpoints/BaseEndpoint.swift; sourceTree = "<group>"; };
		88FBC2AA1E701AE3003AEEC4 /* SessionManager.swift */ = {isa = PBXFileReference; fileEncoding = 4; lastKnownFileType = sourcecode.swift; name = SessionManager.swift; path = BusinessLogic/Singletons/SessionManager.swift; sourceTree = "<group>"; };
		88FBC2AC1E7022F4003AEEC4 /* AuthenticationEndpoint.swift */ = {isa = PBXFileReference; fileEncoding = 4; lastKnownFileType = sourcecode.swift; name = AuthenticationEndpoint.swift; path = CoreServices/Networking/NetworkClient/AuthenticationEndpoint.swift; sourceTree = "<group>"; };
		88FBC2AE1E70DE42003AEEC4 /* AuthenticationManager.swift */ = {isa = PBXFileReference; fileEncoding = 4; lastKnownFileType = sourcecode.swift; name = AuthenticationManager.swift; path = BusinessLogic/Singletons/AuthenticationManager.swift; sourceTree = "<group>"; };
		A4D5866E75C71BD2D121854E /* Pods-BaseAppV2.release.xcconfig */ = {isa = PBXFileReference; includeInIndex = 1; lastKnownFileType = text.xcconfig; name = "Pods-BaseAppV2.release.xcconfig"; path = "Pods/Target Support Files/Pods-BaseAppV2/Pods-BaseAppV2.release.xcconfig"; sourceTree = "<group>"; };
		BD922A6B53627E40F775B2B4 /* Pods-BaseAppV2Tests.debug.xcconfig */ = {isa = PBXFileReference; includeInIndex = 1; lastKnownFileType = text.xcconfig; name = "Pods-BaseAppV2Tests.debug.xcconfig"; path = "Pods/Target Support Files/Pods-BaseAppV2Tests/Pods-BaseAppV2Tests.debug.xcconfig"; sourceTree = "<group>"; };
/* End PBXFileReference section */

/* Begin PBXFrameworksBuildPhase section */
		880454BE1E65E32C00D4A499 /* Frameworks */ = {
			isa = PBXFrameworksBuildPhase;
			buildActionMask = 2147483647;
			files = (
				88AF2E1E1E7C223E00F93A50 /* Crashlytics.framework in Frameworks */,
				88AF2E1C1E7C222400F93A50 /* Fabric.framework in Frameworks */,
				017AA4F075A83D3D85121DC1 /* Pods_BaseAppV2.framework in Frameworks */,
			);
			runOnlyForDeploymentPostprocessing = 0;
		};
		880454D41E65E32C00D4A499 /* Frameworks */ = {
			isa = PBXFrameworksBuildPhase;
			buildActionMask = 2147483647;
			files = (
				3C804FBC18A949E496F46FDC /* Pods_BaseAppV2Tests.framework in Frameworks */,
			);
			runOnlyForDeploymentPostprocessing = 0;
		};
		880454DF1E65E32C00D4A499 /* Frameworks */ = {
			isa = PBXFrameworksBuildPhase;
			buildActionMask = 2147483647;
			files = (
				3E75A45D147B0B8ED0CA30A5 /* Pods_BaseAppV2UITests.framework in Frameworks */,
			);
			runOnlyForDeploymentPostprocessing = 0;
		};
/* End PBXFrameworksBuildPhase section */

/* Begin PBXGroup section */
		1A3D5C9DAFB7204C2B75B57C /* Frameworks */ = {
			isa = PBXGroup;
			children = (
				88AF2E1D1E7C223E00F93A50 /* Crashlytics.framework */,
				88AF2E1B1E7C222400F93A50 /* Fabric.framework */,
				41C1F2B92FFE60C0C4670124 /* Pods_BaseAppV2.framework */,
				551A5F4DF39C3E79AE2F0DB3 /* Pods_BaseAppV2Tests.framework */,
				4CDA04068818566DC0655B1A /* Pods_BaseAppV2UITests.framework */,
			);
			name = Frameworks;
			sourceTree = "<group>";
		};
		5DC2ADDC5EF6BA46792FA542 /* Pods */ = {
			isa = PBXGroup;
			children = (
				7835E893D2CA2710B20E0AD2 /* Pods-BaseAppV2.debug.xcconfig */,
				A4D5866E75C71BD2D121854E /* Pods-BaseAppV2.release.xcconfig */,
				BD922A6B53627E40F775B2B4 /* Pods-BaseAppV2Tests.debug.xcconfig */,
				2C8400FFE90CF8694A6F126D /* Pods-BaseAppV2Tests.release.xcconfig */,
				2E71E7C64F97E4D359C90804 /* Pods-BaseAppV2UITests.debug.xcconfig */,
				0143B6243C093A5109C019F7 /* Pods-BaseAppV2UITests.release.xcconfig */,
			);
			name = Pods;
			sourceTree = "<group>";
		};
		8801FDD91E71BC5A00F54932 /* AuthenticationViewModels */ = {
			isa = PBXGroup;
			children = (
				8801FDE01E71C79C00F54932 /* LoginViewModel.swift */,
				88F3FE0C1E732A21003162F8 /* SignUpViewModel.swift */,
			);
			name = AuthenticationViewModels;
			sourceTree = "<group>";
		};
		8801FDDA1E71BC6800F54932 /* ProfileViewModels */ = {
			isa = PBXGroup;
			children = (
			);
			name = ProfileViewModels;
			sourceTree = "<group>";
		};
		8801FDDD1E71C5EF00F54932 /* ViewControllers */ = {
			isa = PBXGroup;
			children = (
				88F3FE141E735FE7003162F8 /* SettingViewControllers */,
				8801FDF91E722E1600F54932 /* ProfileViewControllers */,
				8801FDF81E722DFE00F54932 /* AuthenticationViewControllers */,
				8817FC491E78BA3C007697DF /* BaseNavigationController.swift */,
				8817FC4B1E78C59F007697DF /* BaseViewController.swift */,
			);
			name = ViewControllers;
			sourceTree = "<group>";
		};
		8801FDEA1E71F12C00F54932 /* SubViews */ = {
			isa = PBXGroup;
			children = (
				88AF2E0E1E7BB20C00F93A50 /* UITableViewCells */,
				8817FC441E7829B8007697DF /* UIAlertControllers */,
				8801FDF51E720ED200F54932 /* UIButtons */,
				8801FDF21E72012500F54932 /* UITextFields */,
				8801FDEB1E71F13200F54932 /* UIViews */,
			);
			name = SubViews;
			sourceTree = "<group>";
		};
		8801FDEB1E71F13200F54932 /* UIViews */ = {
			isa = PBXGroup;
			children = (
				8801FDEC1E71F17300F54932 /* BaseView.swift */,
			);
			name = UIViews;
			sourceTree = "<group>";
		};
		8801FDF21E72012500F54932 /* UITextFields */ = {
			isa = PBXGroup;
			children = (
				8801FDF31E72016000F54932 /* BaseTextField.swift */,
			);
			name = UITextFields;
			sourceTree = "<group>";
		};
		8801FDF51E720ED200F54932 /* UIButtons */ = {
			isa = PBXGroup;
			children = (
				8801FDF61E720F4900F54932 /* BaseButton.swift */,
			);
			name = UIButtons;
			sourceTree = "<group>";
		};
		8801FDF81E722DFE00F54932 /* AuthenticationViewControllers */ = {
			isa = PBXGroup;
			children = (
				88F3FE191E767951003162F8 /* SignupViewControllers */,
				8801FE001E72418E00F54932 /* LoginViewController.swift */,
				88F3FE081E7311B7003162F8 /* AuthenticationNavigationController.swift */,
			);
			name = AuthenticationViewControllers;
			sourceTree = "<group>";
		};
		8801FDF91E722E1600F54932 /* ProfileViewControllers */ = {
			isa = PBXGroup;
			children = (
			);
			name = ProfileViewControllers;
			sourceTree = "<group>";
		};
		880454B81E65E32C00D4A499 = {
			isa = PBXGroup;
			children = (
				880454C31E65E32C00D4A499 /* BaseAppV2 */,
				880454DA1E65E32C00D4A499 /* BaseAppV2Tests */,
				880454E51E65E32C00D4A499 /* BaseAppV2UITests */,
				880454C21E65E32C00D4A499 /* Products */,
				5DC2ADDC5EF6BA46792FA542 /* Pods */,
				1A3D5C9DAFB7204C2B75B57C /* Frameworks */,
			);
			sourceTree = "<group>";
		};
		880454C21E65E32C00D4A499 /* Products */ = {
			isa = PBXGroup;
			children = (
				880454C11E65E32C00D4A499 /* BaseAppV2.app */,
				880454D71E65E32C00D4A499 /* BaseAppV2Tests.xctest */,
				880454E21E65E32C00D4A499 /* BaseAppV2UITests.xctest */,
			);
			name = Products;
			sourceTree = "<group>";
		};
		880454C31E65E32C00D4A499 /* BaseAppV2 */ = {
			isa = PBXGroup;
			children = (
				880454F91E65E42200D4A499 /* Storyboards */,
				880454F51E65E3D500D4A499 /* Views */,
				880454F71E65E3F200D4A499 /* ViewModels */,
				880455081E663E6000D4A499 /* BusinessLogic */,
				880454F41E65E3CA00D4A499 /* Models */,
				880454F81E65E3FE00D4A499 /* CoreServices */,
				880454FA1E65E43500D4A499 /* Configurations */,
				88FBC2881E6E8737003AEEC4 /* Extensions */,
				88AF2E071E7B96F300F93A50 /* Protocols */,
				880454C41E65E32C00D4A499 /* AppDelegate.swift */,
				88FBC2981E6EBF7A003AEEC4 /* TestAppDelegate.swift */,
				88FBC29A1E6EC0BF003AEEC4 /* main.swift */,
				8804550B1E6641B900D4A499 /* Constants.swift */,
				880454CD1E65E32C00D4A499 /* Assets.xcassets */,
				880454D21E65E32C00D4A499 /* Info.plist */,
				8801FDEE1E72001000F54932 /* BaseAppV2-Bridging-Header.h */,
			);
			path = BaseAppV2;
			sourceTree = "<group>";
		};
		880454DA1E65E32C00D4A499 /* BaseAppV2Tests */ = {
			isa = PBXGroup;
			children = (
				8804550F1E66701700D4A499 /* ViewModels */,
				880455101E66702D00D4A499 /* BusinessLogic */,
				8804550D1E666FF100D4A499 /* Models */,
				8804550E1E66700000D4A499 /* CoreServices */,
				88FBC2951E6EAD56003AEEC4 /* Extensions */,
				880455111E66717A00D4A499 /* Resources */,
				880454DB1E65E32C00D4A499 /* BaseAppV2Tests.swift */,
				880454DD1E65E32C00D4A499 /* Info.plist */,
			);
			path = BaseAppV2Tests;
			sourceTree = "<group>";
		};
		880454E51E65E32C00D4A499 /* BaseAppV2UITests */ = {
			isa = PBXGroup;
			children = (
				8817FC411E7812ED007697DF /* ViewControllers */,
				8817FC371E7811DA007697DF /* Resources */,
				880454E61E65E32C00D4A499 /* BaseAppV2UITests.swift */,
				880454E81E65E32C00D4A499 /* Info.plist */,
			);
			path = BaseAppV2UITests;
			sourceTree = "<group>";
		};
		880454F41E65E3CA00D4A499 /* Models */ = {
			isa = PBXGroup;
			children = (
				887861601E68B11E00C931FC /* Model.xcdatamodeld */,
				887861791E68CC2000C931FC /* User.swift */,
				88FBC27B1E6DE36D003AEEC4 /* BaseError.swift */,
			);
			name = Models;
			sourceTree = "<group>";
		};
		880454F51E65E3D500D4A499 /* Views */ = {
			isa = PBXGroup;
			children = (
				8801FDEA1E71F12C00F54932 /* SubViews */,
				8801FDDD1E71C5EF00F54932 /* ViewControllers */,
			);
			name = Views;
			sourceTree = "<group>";
		};
		880454F71E65E3F200D4A499 /* ViewModels */ = {
			isa = PBXGroup;
			children = (
				88AF2E141E7BBA2A00F93A50 /* SettingViewModels */,
				8801FDDA1E71BC6800F54932 /* ProfileViewModels */,
				8801FDD91E71BC5A00F54932 /* AuthenticationViewModels */,
				8801FDDB1E71BD7900F54932 /* DynamicBinder.swift */,
			);
			name = ViewModels;
			sourceTree = "<group>";
		};
		880454F81E65E3FE00D4A499 /* CoreServices */ = {
			isa = PBXGroup;
			children = (
				880455021E663D7900D4A499 /* Networking */,
				880455031E663D8500D4A499 /* LocalStorage */,
				88FBC2A61E7008F9003AEEC4 /* PushNotification */,
				880455071E663E0000D4A499 /* Configuration */,
				88FBC29E1E6F1C7F003AEEC4 /* Logging */,
				880455041E663D9400D4A499 /* Factories */,
			);
			name = CoreServices;
			sourceTree = "<group>";
		};
		880454F91E65E42200D4A499 /* Storyboards */ = {
			isa = PBXGroup;
			children = (
				880454CF1E65E32C00D4A499 /* LaunchScreen.storyboard */,
				880454CA1E65E32C00D4A499 /* Main.storyboard */,
			);
			name = Storyboards;
			sourceTree = "<group>";
		};
		880454FA1E65E43500D4A499 /* Configurations */ = {
			isa = PBXGroup;
			children = (
				88FBC27D1E6E832E003AEEC4 /* LocalizedStrings */,
				880455011E6632DC00D4A499 /* PropertyLists */,
			);
			name = Configurations;
			sourceTree = "<group>";
		};
		880455011E6632DC00D4A499 /* PropertyLists */ = {
			isa = PBXGroup;
			children = (
				880454FF1E66325F00D4A499 /* globalconfiguration.plist */,
			);
			name = PropertyLists;
			sourceTree = "<group>";
		};
		880455021E663D7900D4A499 /* Networking */ = {
			isa = PBXGroup;
			children = (
				88F8C9641E6A4BF0006D6BC9 /* NetworkClient */,
				88F8C9651E6A4BF9006D6BC9 /* Endpoints */,
			);
			name = Networking;
			sourceTree = "<group>";
		};
		880455031E663D8500D4A499 /* LocalStorage */ = {
			isa = PBXGroup;
			children = (
				88F8C9621E69F926006D6BC9 /* CoreDataStack.swift */,
			);
			name = LocalStorage;
			sourceTree = "<group>";
		};
		880455041E663D9400D4A499 /* Factories */ = {
			isa = PBXGroup;
			children = (
			);
			name = Factories;
			sourceTree = "<group>";
		};
		880455071E663E0000D4A499 /* Configuration */ = {
			isa = PBXGroup;
			children = (
				880455091E663F6100D4A499 /* ConfigurationManager.swift */,
			);
			name = Configuration;
			sourceTree = "<group>";
		};
		880455081E663E6000D4A499 /* BusinessLogic */ = {
			isa = PBXGroup;
			children = (
				88FBC2A91E701AB6003AEEC4 /* Singletons */,
			);
			name = BusinessLogic;
			sourceTree = "<group>";
		};
		8804550D1E666FF100D4A499 /* Models */ = {
			isa = PBXGroup;
			children = (
				88FBC28B1E6E8F7A003AEEC4 /* UserTests.swift */,
				88FBC2A41E6FFD39003AEEC4 /* BaseErrorTests.swift */,
			);
			name = Models;
			sourceTree = "<group>";
		};
		8804550E1E66700000D4A499 /* CoreServices */ = {
			isa = PBXGroup;
			children = (
				880455121E66721100D4A499 /* Networking */,
				880455131E66721800D4A499 /* LocalStorage */,
				880455141E66722B00D4A499 /* Configuration */,
				880455151E66725E00D4A499 /* Factories */,
			);
			name = CoreServices;
			sourceTree = "<group>";
		};
		8804550F1E66701700D4A499 /* ViewModels */ = {
			isa = PBXGroup;
			children = (
				88AF2E171E7BCE3300F93A50 /* SettingViewModels */,
				8817FC311E7713C4007697DF /* ProfileViewModels */,
				8817FC321E7713D2007697DF /* AuthenticationViewModels */,
			);
			name = ViewModels;
			sourceTree = "<group>";
		};
		880455101E66702D00D4A499 /* BusinessLogic */ = {
			isa = PBXGroup;
			children = (
				8817FC2F1E7707BB007697DF /* AuthenticationManagerTests.swift */,
			);
			name = BusinessLogic;
			sourceTree = "<group>";
		};
		880455111E66717A00D4A499 /* Resources */ = {
			isa = PBXGroup;
			children = (
				8817FC221E76FE60007697DF /* TestJSON */,
			);
			name = Resources;
			sourceTree = "<group>";
		};
		880455121E66721100D4A499 /* Networking */ = {
			isa = PBXGroup;
			children = (
				8817FC191E76A296007697DF /* NetworkClient */,
				8817FC1D1E76A510007697DF /* Endpoints */,
			);
			name = Networking;
			sourceTree = "<group>";
		};
		880455131E66721800D4A499 /* LocalStorage */ = {
			isa = PBXGroup;
			children = (
				8817FC171E769C1B007697DF /* CoreDataStackTests.swift */,
			);
			name = LocalStorage;
			sourceTree = "<group>";
		};
		880455141E66722B00D4A499 /* Configuration */ = {
			isa = PBXGroup;
			children = (
				8804551B1E667CCC00D4A499 /* ConfigurationManagerTests.swift */,
			);
			name = Configuration;
			sourceTree = "<group>";
		};
		880455151E66725E00D4A499 /* Factories */ = {
			isa = PBXGroup;
			children = (
			);
			name = Factories;
			sourceTree = "<group>";
		};
		8817FC191E76A296007697DF /* NetworkClient */ = {
			isa = PBXGroup;
			children = (
				8817FC1A1E76A2CA007697DF /* NetworkClientTests.swift */,
			);
			name = NetworkClient;
			sourceTree = "<group>";
		};
		8817FC1D1E76A510007697DF /* Endpoints */ = {
			isa = PBXGroup;
			children = (
				8817FC1E1E76A541007697DF /* BaseEndpointInfoTests.swift */,
			);
			name = Endpoints;
			sourceTree = "<group>";
		};
		8817FC221E76FE60007697DF /* TestJSON */ = {
			isa = PBXGroup;
			children = (
				8817FC231E76FE9A007697DF /* currentuser.json */,
				8817FC251E770086007697DF /* registeruser.json */,
				8817FC271E7700DF007697DF /* loginuser.json */,
				8817FC291E77018D007697DF /* updateuser.json */,
			);
			name = TestJSON;
			sourceTree = "<group>";
		};
		8817FC311E7713C4007697DF /* ProfileViewModels */ = {
			isa = PBXGroup;
			children = (
			);
			name = ProfileViewModels;
			sourceTree = "<group>";
		};
		8817FC321E7713D2007697DF /* AuthenticationViewModels */ = {
			isa = PBXGroup;
			children = (
				8817FC331E77141E007697DF /* LoginViewModelTests.swift */,
				8817FC351E7716E8007697DF /* SignUpViewModelTests.swift */,
			);
			name = AuthenticationViewModels;
			sourceTree = "<group>";
		};
		8817FC371E7811DA007697DF /* Resources */ = {
			isa = PBXGroup;
			children = (
				8817FC381E7811F1007697DF /* TestJSON */,
			);
			name = Resources;
			sourceTree = "<group>";
		};
		8817FC381E7811F1007697DF /* TestJSON */ = {
			isa = PBXGroup;
			children = (
				8817FC391E781223007697DF /* currentuser.json */,
				8817FC3B1E78125C007697DF /* registeruser.json */,
				8817FC3D1E781286007697DF /* loginuser.json */,
				8817FC3F1E7812C7007697DF /* updateuser.json */,
			);
			name = TestJSON;
			sourceTree = "<group>";
		};
		8817FC411E7812ED007697DF /* ViewControllers */ = {
			isa = PBXGroup;
			children = (
				8817FC4D1E78C854007697DF /* SettingViewControllers */,
				8817FC4E1E78C85E007697DF /* ProfileViewControllers */,
				8817FC4F1E78C86E007697DF /* AuthenticationViewControllers */,
			);
			name = ViewControllers;
			sourceTree = "<group>";
		};
		8817FC441E7829B8007697DF /* UIAlertControllers */ = {
			isa = PBXGroup;
			children = (
				8817FC451E782C63007697DF /* BaseAlertViewController.swift */,
			);
			name = UIAlertControllers;
			sourceTree = "<group>";
		};
		8817FC4D1E78C854007697DF /* SettingViewControllers */ = {
			isa = PBXGroup;
			children = (
			);
			name = SettingViewControllers;
			sourceTree = "<group>";
		};
		8817FC4E1E78C85E007697DF /* ProfileViewControllers */ = {
			isa = PBXGroup;
			children = (
			);
			name = ProfileViewControllers;
			sourceTree = "<group>";
		};
		8817FC4F1E78C86E007697DF /* AuthenticationViewControllers */ = {
			isa = PBXGroup;
			children = (
				8817FC501E78C88B007697DF /* SignupViewControllers */,
			);
			name = AuthenticationViewControllers;
			sourceTree = "<group>";
		};
		8817FC501E78C88B007697DF /* SignupViewControllers */ = {
			isa = PBXGroup;
			children = (
			);
			name = SignupViewControllers;
			sourceTree = "<group>";
		};
		88AF2E071E7B96F300F93A50 /* Protocols */ = {
			isa = PBXGroup;
			children = (
				88AF2E081E7B972900F93A50 /* ReuseableView.swift */,
				88F3FE0A1E7316CC003162F8 /* CaseCount.swift */,
				88AF2E0A1E7B9B0300F93A50 /* NibLoadableView.swift */,
			);
			name = Protocols;
			sourceTree = "<group>";
		};
		88AF2E0E1E7BB20C00F93A50 /* UITableViewCells */ = {
			isa = PBXGroup;
			children = (
				88AF2E0F1E7BB21900F93A50 /* SettingsTableViewCells */,
				88AF2E121E7BB2D000F93A50 /* BaseTableViewCell.swift */,
			);
			name = UITableViewCells;
			sourceTree = "<group>";
		};
		88AF2E0F1E7BB21900F93A50 /* SettingsTableViewCells */ = {
			isa = PBXGroup;
			children = (
				88AF2E101E7BB2A400F93A50 /* SettingsTableViewCell.swift */,
			);
			name = SettingsTableViewCells;
			sourceTree = "<group>";
		};
		88AF2E141E7BBA2A00F93A50 /* SettingViewModels */ = {
			isa = PBXGroup;
			children = (
				88AF2E151E7BBA7C00F93A50 /* SettingViewModel.swift */,
			);
			name = SettingViewModels;
			sourceTree = "<group>";
		};
		88AF2E171E7BCE3300F93A50 /* SettingViewModels */ = {
			isa = PBXGroup;
			children = (
			);
			name = SettingViewModels;
			sourceTree = "<group>";
		};
		88F3FE141E735FE7003162F8 /* SettingViewControllers */ = {
			isa = PBXGroup;
			children = (
				88F3FE151E736118003162F8 /* SettingsViewController.swift */,
			);
			name = SettingViewControllers;
			sourceTree = "<group>";
		};
		88F3FE191E767951003162F8 /* SignupViewControllers */ = {
			isa = PBXGroup;
			children = (
				88F3FE1A1E7679E5003162F8 /* SignupEmailViewController.swift */,
				8817FC131E76874C007697DF /* SignupPasswordViewController.swift */,
				8817FC151E768CF2007697DF /* SignupOptionalInfoViewController.swift */,
			);
			name = SignupViewControllers;
			sourceTree = "<group>";
		};
		88F8C9641E6A4BF0006D6BC9 /* NetworkClient */ = {
			isa = PBXGroup;
			children = (
				88F8C9661E6A4C45006D6BC9 /* NetworkClient.swift */,
			);
			name = NetworkClient;
			sourceTree = "<group>";
		};
		88F8C9651E6A4BF9006D6BC9 /* Endpoints */ = {
			isa = PBXGroup;
			children = (
				88FBC2A71E70099A003AEEC4 /* BaseEndpoint.swift */,
				88FBC2AC1E7022F4003AEEC4 /* AuthenticationEndpoint.swift */,
			);
			name = Endpoints;
			sourceTree = "<group>";
		};
		88FBC27D1E6E832E003AEEC4 /* LocalizedStrings */ = {
			isa = PBXGroup;
			children = (
				88FBC2861E6E84E1003AEEC4 /* Localizable.strings */,
			);
			name = LocalizedStrings;
			sourceTree = "<group>";
		};
		88FBC2881E6E8737003AEEC4 /* Extensions */ = {
			isa = PBXGroup;
			children = (
				88FBC2891E6E8788003AEEC4 /* DataRequest+Extension.swift */,
				88FBC2931E6EAB4B003AEEC4 /* NSManagedObject+Extension.swift */,
				8801FDE41E71E2E800F54932 /* Notification+Extension.swift */,
				8801FDFA1E72310B00F54932 /* UIColor+Extension.swift */,
				8801FDFC1E72357500F54932 /* UIViewController+Extension.swift */,
				8801FDFE1E723DD900F54932 /* UIStoryboard+Extension.swift */,
				88F3FE121E734C94003162F8 /* UIStoryboardSegue+Extension.swift */,
				323127DA1E74A642007BE4C3 /* Promise+Extension.swift */,
				88F3FE171E740741003162F8 /* UIView+Extension.swift */,
				88AF2E0C1E7B9CFD00F93A50 /* UITableView+Extension.swift */,
			);
			name = Extensions;
			sourceTree = "<group>";
		};
		88FBC2951E6EAD56003AEEC4 /* Extensions */ = {
			isa = PBXGroup;
			children = (
				88FBC2961E6EADD7003AEEC4 /* NSManagedObjectExtensionTests.swift */,
				8801FE021E72462B00F54932 /* UIViewControllerExtensionTests.swift */,
			);
			name = Extensions;
			sourceTree = "<group>";
		};
		88FBC29E1E6F1C7F003AEEC4 /* Logging */ = {
			isa = PBXGroup;
			children = (
				88FBC29F1E6F1D15003AEEC4 /* AppLogger.swift */,
			);
			name = Logging;
			sourceTree = "<group>";
		};
		88FBC2A61E7008F9003AEEC4 /* PushNotification */ = {
			isa = PBXGroup;
			children = (
			);
			name = PushNotification;
			sourceTree = "<group>";
		};
		88FBC2A91E701AB6003AEEC4 /* Singletons */ = {
			isa = PBXGroup;
			children = (
				88FBC2AA1E701AE3003AEEC4 /* SessionManager.swift */,
				88FBC2AE1E70DE42003AEEC4 /* AuthenticationManager.swift */,
			);
			name = Singletons;
			sourceTree = "<group>";
		};
/* End PBXGroup section */

/* Begin PBXNativeTarget section */
		880454C01E65E32C00D4A499 /* BaseAppV2 */ = {
			isa = PBXNativeTarget;
			buildConfigurationList = 880454EB1E65E32C00D4A499 /* Build configuration list for PBXNativeTarget "BaseAppV2" */;
			buildPhases = (
				BD04F50E62B3168D660AF175 /* [CP] Check Pods Manifest.lock */,
				880454BD1E65E32C00D4A499 /* Sources */,
				880454BE1E65E32C00D4A499 /* Frameworks */,
				880454BF1E65E32C00D4A499 /* Resources */,
				A870280927E2B993CEBB30D5 /* [CP] Embed Pods Frameworks */,
				29F28D865F3F85729A4DC707 /* [CP] Copy Pods Resources */,
				88AF2E1A1E7C110E00F93A50 /* ShellScript */,
			);
			buildRules = (
			);
			dependencies = (
			);
			name = BaseAppV2;
			productName = BaseAppV2;
			productReference = 880454C11E65E32C00D4A499 /* BaseAppV2.app */;
			productType = "com.apple.product-type.application";
		};
		880454D61E65E32C00D4A499 /* BaseAppV2Tests */ = {
			isa = PBXNativeTarget;
			buildConfigurationList = 880454EE1E65E32C00D4A499 /* Build configuration list for PBXNativeTarget "BaseAppV2Tests" */;
			buildPhases = (
				F672F171BD6E6425F158EE73 /* [CP] Check Pods Manifest.lock */,
				880454D31E65E32C00D4A499 /* Sources */,
				880454D41E65E32C00D4A499 /* Frameworks */,
				880454D51E65E32C00D4A499 /* Resources */,
				9E34B173FECABF59BF269FAD /* [CP] Embed Pods Frameworks */,
				58BD2B40CDB61C1A68B8DFB4 /* [CP] Copy Pods Resources */,
			);
			buildRules = (
			);
			dependencies = (
				880454D91E65E32C00D4A499 /* PBXTargetDependency */,
			);
			name = BaseAppV2Tests;
			productName = BaseAppV2Tests;
			productReference = 880454D71E65E32C00D4A499 /* BaseAppV2Tests.xctest */;
			productType = "com.apple.product-type.bundle.unit-test";
		};
		880454E11E65E32C00D4A499 /* BaseAppV2UITests */ = {
			isa = PBXNativeTarget;
			buildConfigurationList = 880454F11E65E32C00D4A499 /* Build configuration list for PBXNativeTarget "BaseAppV2UITests" */;
			buildPhases = (
				B547F137CD55ABABDB2DCD9B /* [CP] Check Pods Manifest.lock */,
				880454DE1E65E32C00D4A499 /* Sources */,
				880454DF1E65E32C00D4A499 /* Frameworks */,
				880454E01E65E32C00D4A499 /* Resources */,
				7CB4AE31B9FEBA11DCC2405D /* [CP] Embed Pods Frameworks */,
				0CA1EFC29E4C2A6B982FA3FE /* [CP] Copy Pods Resources */,
			);
			buildRules = (
			);
			dependencies = (
				880454E41E65E32C00D4A499 /* PBXTargetDependency */,
			);
			name = BaseAppV2UITests;
			productName = BaseAppV2UITests;
			productReference = 880454E21E65E32C00D4A499 /* BaseAppV2UITests.xctest */;
			productType = "com.apple.product-type.bundle.ui-testing";
		};
/* End PBXNativeTarget section */

/* Begin PBXProject section */
		880454B91E65E32C00D4A499 /* Project object */ = {
			isa = PBXProject;
			attributes = {
				LastSwiftUpdateCheck = 0820;
				LastUpgradeCheck = 0820;
				ORGANIZATIONNAME = SilverLogic;
				TargetAttributes = {
					880454C01E65E32C00D4A499 = {
						CreatedOnToolsVersion = 8.2.1;
						DevelopmentTeam = 4SB3F2S2K3;
						LastSwiftMigration = 0820;
						ProvisioningStyle = Automatic;
					};
					880454D61E65E32C00D4A499 = {
						CreatedOnToolsVersion = 8.2.1;
						DevelopmentTeam = 4SB3F2S2K3;
						ProvisioningStyle = Automatic;
						TestTargetID = 880454C01E65E32C00D4A499;
					};
					880454E11E65E32C00D4A499 = {
						CreatedOnToolsVersion = 8.2.1;
						DevelopmentTeam = 4SB3F2S2K3;
						ProvisioningStyle = Automatic;
						TestTargetID = 880454C01E65E32C00D4A499;
					};
				};
			};
			buildConfigurationList = 880454BC1E65E32C00D4A499 /* Build configuration list for PBXProject "BaseAppV2" */;
			compatibilityVersion = "Xcode 3.2";
			developmentRegion = English;
			hasScannedForEncodings = 0;
			knownRegions = (
				en,
				Base,
			);
			mainGroup = 880454B81E65E32C00D4A499;
			productRefGroup = 880454C21E65E32C00D4A499 /* Products */;
			projectDirPath = "";
			projectRoot = "";
			targets = (
				880454C01E65E32C00D4A499 /* BaseAppV2 */,
				880454D61E65E32C00D4A499 /* BaseAppV2Tests */,
				880454E11E65E32C00D4A499 /* BaseAppV2UITests */,
			);
		};
/* End PBXProject section */

/* Begin PBXResourcesBuildPhase section */
		880454BF1E65E32C00D4A499 /* Resources */ = {
			isa = PBXResourcesBuildPhase;
			buildActionMask = 2147483647;
			files = (
				88FBC2871E6E84E1003AEEC4 /* Localizable.strings in Resources */,
				880455001E66325F00D4A499 /* globalconfiguration.plist in Resources */,
				880454D11E65E32C00D4A499 /* LaunchScreen.storyboard in Resources */,
				880454CE1E65E32C00D4A499 /* Assets.xcassets in Resources */,
				880454CC1E65E32C00D4A499 /* Main.storyboard in Resources */,
			);
			runOnlyForDeploymentPostprocessing = 0;
		};
		880454D51E65E32C00D4A499 /* Resources */ = {
			isa = PBXResourcesBuildPhase;
			buildActionMask = 2147483647;
			files = (
				8817FC241E76FE9A007697DF /* currentuser.json in Resources */,
				8817FC2A1E77018D007697DF /* updateuser.json in Resources */,
				8817FC281E7700DF007697DF /* loginuser.json in Resources */,
				8817FC261E770086007697DF /* registeruser.json in Resources */,
			);
			runOnlyForDeploymentPostprocessing = 0;
		};
		880454E01E65E32C00D4A499 /* Resources */ = {
			isa = PBXResourcesBuildPhase;
			buildActionMask = 2147483647;
			files = (
				8817FC3A1E781223007697DF /* currentuser.json in Resources */,
				8817FC401E7812C7007697DF /* updateuser.json in Resources */,
				8817FC3E1E781286007697DF /* loginuser.json in Resources */,
				8817FC3C1E78125C007697DF /* registeruser.json in Resources */,
			);
			runOnlyForDeploymentPostprocessing = 0;
		};
/* End PBXResourcesBuildPhase section */

/* Begin PBXShellScriptBuildPhase section */
		0CA1EFC29E4C2A6B982FA3FE /* [CP] Copy Pods Resources */ = {
			isa = PBXShellScriptBuildPhase;
			buildActionMask = 2147483647;
			files = (
			);
			inputPaths = (
			);
			name = "[CP] Copy Pods Resources";
			outputPaths = (
			);
			runOnlyForDeploymentPostprocessing = 0;
			shellPath = /bin/sh;
			shellScript = "\"${SRCROOT}/Pods/Target Support Files/Pods-BaseAppV2UITests/Pods-BaseAppV2UITests-resources.sh\"\n";
			showEnvVarsInLog = 0;
		};
		29F28D865F3F85729A4DC707 /* [CP] Copy Pods Resources */ = {
			isa = PBXShellScriptBuildPhase;
			buildActionMask = 2147483647;
			files = (
			);
			inputPaths = (
			);
			name = "[CP] Copy Pods Resources";
			outputPaths = (
			);
			runOnlyForDeploymentPostprocessing = 0;
			shellPath = /bin/sh;
			shellScript = "\"${SRCROOT}/Pods/Target Support Files/Pods-BaseAppV2/Pods-BaseAppV2-resources.sh\"\n";
			showEnvVarsInLog = 0;
		};
		58BD2B40CDB61C1A68B8DFB4 /* [CP] Copy Pods Resources */ = {
			isa = PBXShellScriptBuildPhase;
			buildActionMask = 2147483647;
			files = (
			);
			inputPaths = (
			);
			name = "[CP] Copy Pods Resources";
			outputPaths = (
			);
			runOnlyForDeploymentPostprocessing = 0;
			shellPath = /bin/sh;
			shellScript = "\"${SRCROOT}/Pods/Target Support Files/Pods-BaseAppV2Tests/Pods-BaseAppV2Tests-resources.sh\"\n";
			showEnvVarsInLog = 0;
		};
		7CB4AE31B9FEBA11DCC2405D /* [CP] Embed Pods Frameworks */ = {
			isa = PBXShellScriptBuildPhase;
			buildActionMask = 2147483647;
			files = (
			);
			inputPaths = (
			);
			name = "[CP] Embed Pods Frameworks";
			outputPaths = (
			);
			runOnlyForDeploymentPostprocessing = 0;
			shellPath = /bin/sh;
			shellScript = "\"${SRCROOT}/Pods/Target Support Files/Pods-BaseAppV2UITests/Pods-BaseAppV2UITests-frameworks.sh\"\n";
			showEnvVarsInLog = 0;
		};
		88AF2E1A1E7C110E00F93A50 /* ShellScript */ = {
			isa = PBXShellScriptBuildPhase;
			buildActionMask = 12;
			files = (
			);
			inputPaths = (
			);
			outputPaths = (
			);
			runOnlyForDeploymentPostprocessing = 0;
			shellPath = /bin/sh;
			shellScript = "\"${PODS_ROOT}/Fabric/run\" ccdf9e4a5cefcee65e6f1d40cd5dee0c45a38748 07b07385e052fb585322f9720d20640fb02764329cf8a6da6f325bdb56e9a254";
		};
		9E34B173FECABF59BF269FAD /* [CP] Embed Pods Frameworks */ = {
			isa = PBXShellScriptBuildPhase;
			buildActionMask = 2147483647;
			files = (
			);
			inputPaths = (
			);
			name = "[CP] Embed Pods Frameworks";
			outputPaths = (
			);
			runOnlyForDeploymentPostprocessing = 0;
			shellPath = /bin/sh;
			shellScript = "\"${SRCROOT}/Pods/Target Support Files/Pods-BaseAppV2Tests/Pods-BaseAppV2Tests-frameworks.sh\"\n";
			showEnvVarsInLog = 0;
		};
		A870280927E2B993CEBB30D5 /* [CP] Embed Pods Frameworks */ = {
			isa = PBXShellScriptBuildPhase;
			buildActionMask = 2147483647;
			files = (
			);
			inputPaths = (
			);
			name = "[CP] Embed Pods Frameworks";
			outputPaths = (
			);
			runOnlyForDeploymentPostprocessing = 0;
			shellPath = /bin/sh;
			shellScript = "\"${SRCROOT}/Pods/Target Support Files/Pods-BaseAppV2/Pods-BaseAppV2-frameworks.sh\"\n";
			showEnvVarsInLog = 0;
		};
		B547F137CD55ABABDB2DCD9B /* [CP] Check Pods Manifest.lock */ = {
			isa = PBXShellScriptBuildPhase;
			buildActionMask = 2147483647;
			files = (
			);
			inputPaths = (
			);
			name = "[CP] Check Pods Manifest.lock";
			outputPaths = (
			);
			runOnlyForDeploymentPostprocessing = 0;
			shellPath = /bin/sh;
			shellScript = "diff \"${PODS_ROOT}/../Podfile.lock\" \"${PODS_ROOT}/Manifest.lock\" > /dev/null\nif [ $? != 0 ] ; then\n    # print error to STDERR\n    echo \"error: The sandbox is not in sync with the Podfile.lock. Run 'pod install' or update your CocoaPods installation.\" >&2\n    exit 1\nfi\n";
			showEnvVarsInLog = 0;
		};
		BD04F50E62B3168D660AF175 /* [CP] Check Pods Manifest.lock */ = {
			isa = PBXShellScriptBuildPhase;
			buildActionMask = 2147483647;
			files = (
			);
			inputPaths = (
			);
			name = "[CP] Check Pods Manifest.lock";
			outputPaths = (
			);
			runOnlyForDeploymentPostprocessing = 0;
			shellPath = /bin/sh;
			shellScript = "diff \"${PODS_ROOT}/../Podfile.lock\" \"${PODS_ROOT}/Manifest.lock\" > /dev/null\nif [ $? != 0 ] ; then\n    # print error to STDERR\n    echo \"error: The sandbox is not in sync with the Podfile.lock. Run 'pod install' or update your CocoaPods installation.\" >&2\n    exit 1\nfi\n";
			showEnvVarsInLog = 0;
		};
		F672F171BD6E6425F158EE73 /* [CP] Check Pods Manifest.lock */ = {
			isa = PBXShellScriptBuildPhase;
			buildActionMask = 2147483647;
			files = (
			);
			inputPaths = (
			);
			name = "[CP] Check Pods Manifest.lock";
			outputPaths = (
			);
			runOnlyForDeploymentPostprocessing = 0;
			shellPath = /bin/sh;
			shellScript = "diff \"${PODS_ROOT}/../Podfile.lock\" \"${PODS_ROOT}/Manifest.lock\" > /dev/null\nif [ $? != 0 ] ; then\n    # print error to STDERR\n    echo \"error: The sandbox is not in sync with the Podfile.lock. Run 'pod install' or update your CocoaPods installation.\" >&2\n    exit 1\nfi\n";
			showEnvVarsInLog = 0;
		};
/* End PBXShellScriptBuildPhase section */

/* Begin PBXSourcesBuildPhase section */
		880454BD1E65E32C00D4A499 /* Sources */ = {
			isa = PBXSourcesBuildPhase;
			buildActionMask = 2147483647;
			files = (
				8801FE011E72418E00F54932 /* LoginViewController.swift in Sources */,
				8804550C1E6641B900D4A499 /* Constants.swift in Sources */,
				88F3FE161E736118003162F8 /* SettingsViewController.swift in Sources */,
				88F3FE1B1E7679E5003162F8 /* SignupEmailViewController.swift in Sources */,
				88FBC29B1E6EC0BF003AEEC4 /* main.swift in Sources */,
				8817FC4C1E78C59F007697DF /* BaseViewController.swift in Sources */,
				88AF2E111E7BB2A400F93A50 /* SettingsTableViewCell.swift in Sources */,
				8804550A1E663F6100D4A499 /* ConfigurationManager.swift in Sources */,
				8817FC461E782C63007697DF /* BaseAlertViewController.swift in Sources */,
				88FBC2991E6EBF7A003AEEC4 /* TestAppDelegate.swift in Sources */,
				8801FDF41E72016000F54932 /* BaseTextField.swift in Sources */,
				88FBC2AF1E70DE42003AEEC4 /* AuthenticationManager.swift in Sources */,
				88FBC27C1E6DE36D003AEEC4 /* BaseError.swift in Sources */,
				88AF2E131E7BB2D000F93A50 /* BaseTableViewCell.swift in Sources */,
				88FBC2A01E6F1D15003AEEC4 /* AppLogger.swift in Sources */,
				88AF2E161E7BBA7C00F93A50 /* SettingViewModel.swift in Sources */,
				880454C51E65E32C00D4A499 /* AppDelegate.swift in Sources */,
				88AF2E0D1E7B9CFD00F93A50 /* UITableView+Extension.swift in Sources */,
				8801FDF71E720F4900F54932 /* BaseButton.swift in Sources */,
				88FBC2A81E70099A003AEEC4 /* BaseEndpoint.swift in Sources */,
				88F3FE131E734C94003162F8 /* UIStoryboardSegue+Extension.swift in Sources */,
				88AF2E091E7B972900F93A50 /* ReuseableView.swift in Sources */,
				8817FC161E768CF2007697DF /* SignupOptionalInfoViewController.swift in Sources */,
				88FBC2AD1E7022F4003AEEC4 /* AuthenticationEndpoint.swift in Sources */,
				88F3FE0B1E7316CC003162F8 /* CaseCount.swift in Sources */,
				88FBC2941E6EAB4B003AEEC4 /* NSManagedObject+Extension.swift in Sources */,
				8801FDFD1E72357500F54932 /* UIViewController+Extension.swift in Sources */,
				88FBC27A1E6DE299003AEEC4 /* Model.xcdatamodeld in Sources */,
				88F8C9671E6A4C45006D6BC9 /* NetworkClient.swift in Sources */,
				8801FDFB1E72310B00F54932 /* UIColor+Extension.swift in Sources */,
				8878617A1E68CC2000C931FC /* User.swift in Sources */,
				8801FDFF1E723DD900F54932 /* UIStoryboard+Extension.swift in Sources */,
				8817FC4A1E78BA3C007697DF /* BaseNavigationController.swift in Sources */,
				88F3FE181E740741003162F8 /* UIView+Extension.swift in Sources */,
				88AF2E0B1E7B9B0300F93A50 /* NibLoadableView.swift in Sources */,
				8817FC141E76874C007697DF /* SignupPasswordViewController.swift in Sources */,
				88F8C9631E69F926006D6BC9 /* CoreDataStack.swift in Sources */,
				88F3FE0D1E732A21003162F8 /* SignUpViewModel.swift in Sources */,
				88FBC28A1E6E8788003AEEC4 /* DataRequest+Extension.swift in Sources */,
				88FBC2AB1E701AE3003AEEC4 /* SessionManager.swift in Sources */,
				88F3FE091E7311B7003162F8 /* AuthenticationNavigationController.swift in Sources */,
				8801FDE11E71C79C00F54932 /* LoginViewModel.swift in Sources */,
				8801FDED1E71F17300F54932 /* BaseView.swift in Sources */,
				8801FDE51E71E2E800F54932 /* Notification+Extension.swift in Sources */,
				8801FDDC1E71BD7900F54932 /* DynamicBinder.swift in Sources */,
				323127DB1E74A642007BE4C3 /* Promise+Extension.swift in Sources */,
			);
			runOnlyForDeploymentPostprocessing = 0;
		};
		880454D31E65E32C00D4A499 /* Sources */ = {
			isa = PBXSourcesBuildPhase;
			buildActionMask = 2147483647;
			files = (
				8817FC341E77141E007697DF /* LoginViewModelTests.swift in Sources */,
				88FBC28C1E6E8F7A003AEEC4 /* UserTests.swift in Sources */,
				8804551C1E667CCC00D4A499 /* ConfigurationManagerTests.swift in Sources */,
				8801FE031E72462B00F54932 /* UIViewControllerExtensionTests.swift in Sources */,
				8817FC361E7716E8007697DF /* SignUpViewModelTests.swift in Sources */,
				8817FC1F1E76A541007697DF /* BaseEndpointInfoTests.swift in Sources */,
				880454DC1E65E32C00D4A499 /* BaseAppV2Tests.swift in Sources */,
				88FBC2A51E6FFD39003AEEC4 /* BaseErrorTests.swift in Sources */,
				8817FC1B1E76A2CA007697DF /* NetworkClientTests.swift in Sources */,
				88FBC2971E6EADD7003AEEC4 /* NSManagedObjectExtensionTests.swift in Sources */,
				8817FC301E7707BB007697DF /* AuthenticationManagerTests.swift in Sources */,
				8817FC181E769C1B007697DF /* CoreDataStackTests.swift in Sources */,
			);
			runOnlyForDeploymentPostprocessing = 0;
		};
		880454DE1E65E32C00D4A499 /* Sources */ = {
			isa = PBXSourcesBuildPhase;
			buildActionMask = 2147483647;
			files = (
				880454E71E65E32C00D4A499 /* BaseAppV2UITests.swift in Sources */,
			);
			runOnlyForDeploymentPostprocessing = 0;
		};
/* End PBXSourcesBuildPhase section */

/* Begin PBXTargetDependency section */
		880454D91E65E32C00D4A499 /* PBXTargetDependency */ = {
			isa = PBXTargetDependency;
			target = 880454C01E65E32C00D4A499 /* BaseAppV2 */;
			targetProxy = 880454D81E65E32C00D4A499 /* PBXContainerItemProxy */;
		};
		880454E41E65E32C00D4A499 /* PBXTargetDependency */ = {
			isa = PBXTargetDependency;
			target = 880454C01E65E32C00D4A499 /* BaseAppV2 */;
			targetProxy = 880454E31E65E32C00D4A499 /* PBXContainerItemProxy */;
		};
/* End PBXTargetDependency section */

/* Begin PBXVariantGroup section */
		880454CA1E65E32C00D4A499 /* Main.storyboard */ = {
			isa = PBXVariantGroup;
			children = (
				880454CB1E65E32C00D4A499 /* Base */,
			);
			name = Main.storyboard;
			path = Storyboards;
			sourceTree = "<group>";
		};
		880454CF1E65E32C00D4A499 /* LaunchScreen.storyboard */ = {
			isa = PBXVariantGroup;
			children = (
				880454D01E65E32C00D4A499 /* Base */,
			);
			name = LaunchScreen.storyboard;
			path = Storyboards;
			sourceTree = "<group>";
		};
/* End PBXVariantGroup section */

/* Begin XCBuildConfiguration section */
		880454E91E65E32C00D4A499 /* Debug */ = {
			isa = XCBuildConfiguration;
			buildSettings = {
				ALWAYS_SEARCH_USER_PATHS = NO;
				CLANG_ANALYZER_NONNULL = YES;
				CLANG_CXX_LANGUAGE_STANDARD = "gnu++0x";
				CLANG_CXX_LIBRARY = "libc++";
				CLANG_ENABLE_MODULES = YES;
				CLANG_ENABLE_OBJC_ARC = YES;
				CLANG_WARN_BOOL_CONVERSION = YES;
				CLANG_WARN_CONSTANT_CONVERSION = YES;
				CLANG_WARN_DIRECT_OBJC_ISA_USAGE = YES_ERROR;
				CLANG_WARN_DOCUMENTATION_COMMENTS = YES;
				CLANG_WARN_EMPTY_BODY = YES;
				CLANG_WARN_ENUM_CONVERSION = YES;
				CLANG_WARN_INFINITE_RECURSION = YES;
				CLANG_WARN_INT_CONVERSION = YES;
				CLANG_WARN_OBJC_ROOT_CLASS = YES_ERROR;
				CLANG_WARN_SUSPICIOUS_MOVE = YES;
				CLANG_WARN_UNREACHABLE_CODE = YES;
				CLANG_WARN__DUPLICATE_METHOD_MATCH = YES;
				"CODE_SIGN_IDENTITY[sdk=iphoneos*]" = "iPhone Developer";
				COPY_PHASE_STRIP = NO;
				DEBUG_INFORMATION_FORMAT = dwarf;
				ENABLE_STRICT_OBJC_MSGSEND = YES;
				ENABLE_TESTABILITY = YES;
				GCC_C_LANGUAGE_STANDARD = gnu99;
				GCC_DYNAMIC_NO_PIC = NO;
				GCC_NO_COMMON_BLOCKS = YES;
				GCC_OPTIMIZATION_LEVEL = 0;
				GCC_PREPROCESSOR_DEFINITIONS = (
					"DEBUG=1",
					"$(inherited)",
				);
				GCC_WARN_64_TO_32_BIT_CONVERSION = YES;
				GCC_WARN_ABOUT_RETURN_TYPE = YES_ERROR;
				GCC_WARN_UNDECLARED_SELECTOR = YES;
				GCC_WARN_UNINITIALIZED_AUTOS = YES_AGGRESSIVE;
				GCC_WARN_UNUSED_FUNCTION = YES;
				GCC_WARN_UNUSED_VARIABLE = YES;
				IPHONEOS_DEPLOYMENT_TARGET = 9.0;
				MTL_ENABLE_DEBUG_INFO = YES;
				ONLY_ACTIVE_ARCH = YES;
				SDKROOT = iphoneos;
				SWIFT_ACTIVE_COMPILATION_CONDITIONS = DEBUG;
				SWIFT_OPTIMIZATION_LEVEL = "-Onone";
			};
			name = Debug;
		};
		880454EA1E65E32C00D4A499 /* Release */ = {
			isa = XCBuildConfiguration;
			buildSettings = {
				ALWAYS_SEARCH_USER_PATHS = NO;
				CLANG_ANALYZER_NONNULL = YES;
				CLANG_CXX_LANGUAGE_STANDARD = "gnu++0x";
				CLANG_CXX_LIBRARY = "libc++";
				CLANG_ENABLE_MODULES = YES;
				CLANG_ENABLE_OBJC_ARC = YES;
				CLANG_WARN_BOOL_CONVERSION = YES;
				CLANG_WARN_CONSTANT_CONVERSION = YES;
				CLANG_WARN_DIRECT_OBJC_ISA_USAGE = YES_ERROR;
				CLANG_WARN_DOCUMENTATION_COMMENTS = YES;
				CLANG_WARN_EMPTY_BODY = YES;
				CLANG_WARN_ENUM_CONVERSION = YES;
				CLANG_WARN_INFINITE_RECURSION = YES;
				CLANG_WARN_INT_CONVERSION = YES;
				CLANG_WARN_OBJC_ROOT_CLASS = YES_ERROR;
				CLANG_WARN_SUSPICIOUS_MOVE = YES;
				CLANG_WARN_UNREACHABLE_CODE = YES;
				CLANG_WARN__DUPLICATE_METHOD_MATCH = YES;
				"CODE_SIGN_IDENTITY[sdk=iphoneos*]" = "iPhone Developer";
				COPY_PHASE_STRIP = NO;
				DEBUG_INFORMATION_FORMAT = "dwarf-with-dsym";
				ENABLE_NS_ASSERTIONS = NO;
				ENABLE_STRICT_OBJC_MSGSEND = YES;
				GCC_C_LANGUAGE_STANDARD = gnu99;
				GCC_NO_COMMON_BLOCKS = YES;
				GCC_WARN_64_TO_32_BIT_CONVERSION = YES;
				GCC_WARN_ABOUT_RETURN_TYPE = YES_ERROR;
				GCC_WARN_UNDECLARED_SELECTOR = YES;
				GCC_WARN_UNINITIALIZED_AUTOS = YES_AGGRESSIVE;
				GCC_WARN_UNUSED_FUNCTION = YES;
				GCC_WARN_UNUSED_VARIABLE = YES;
				IPHONEOS_DEPLOYMENT_TARGET = 9.0;
				MTL_ENABLE_DEBUG_INFO = NO;
				SDKROOT = iphoneos;
				SWIFT_OPTIMIZATION_LEVEL = "-Owholemodule";
				VALIDATE_PRODUCT = YES;
			};
			name = Release;
		};
		880454EC1E65E32C00D4A499 /* Debug */ = {
			isa = XCBuildConfiguration;
			baseConfigurationReference = 7835E893D2CA2710B20E0AD2 /* Pods-BaseAppV2.debug.xcconfig */;
			buildSettings = {
				ASSETCATALOG_COMPILER_APPICON_NAME = AppIcon;
				CLANG_ENABLE_MODULES = YES;
				DEBUG_INFORMATION_FORMAT = "dwarf-with-dsym";
				DEFINES_MODULE = YES;
				DEVELOPMENT_TEAM = 4SB3F2S2K3;
				FRAMEWORK_SEARCH_PATHS = (
					"$(inherited)",
					"$(PROJECT_DIR)/Pods/Fabric",
					"$(PROJECT_DIR)/Pods/Crashlytics",
				);
				INFOPLIST_FILE = BaseAppV2/Info.plist;
				IPHONEOS_DEPLOYMENT_TARGET = 9.0;
				LD_RUNPATH_SEARCH_PATHS = "$(inherited) @executable_path/Frameworks";
				PRODUCT_BUNDLE_IDENTIFIER = com.silverlogic.BaseAppV2;
				PRODUCT_NAME = "$(TARGET_NAME)";
				SWIFT_OBJC_BRIDGING_HEADER = "BaseAppV2/BaseAppV2-Bridging-Header.h";
				SWIFT_OPTIMIZATION_LEVEL = "-Onone";
				SWIFT_VERSION = 3.0;
			};
			name = Debug;
		};
		880454ED1E65E32C00D4A499 /* Release */ = {
			isa = XCBuildConfiguration;
			baseConfigurationReference = A4D5866E75C71BD2D121854E /* Pods-BaseAppV2.release.xcconfig */;
			buildSettings = {
				ASSETCATALOG_COMPILER_APPICON_NAME = AppIcon;
				CLANG_ENABLE_MODULES = YES;
				DEFINES_MODULE = YES;
				DEVELOPMENT_TEAM = 4SB3F2S2K3;
				FRAMEWORK_SEARCH_PATHS = (
					"$(inherited)",
					"$(PROJECT_DIR)/Pods/Fabric",
					"$(PROJECT_DIR)/Pods/Crashlytics",
				);
				INFOPLIST_FILE = BaseAppV2/Info.plist;
				IPHONEOS_DEPLOYMENT_TARGET = 9.0;
				LD_RUNPATH_SEARCH_PATHS = "$(inherited) @executable_path/Frameworks";
				PRODUCT_BUNDLE_IDENTIFIER = com.silverlogic.BaseAppV2;
				PRODUCT_NAME = "$(TARGET_NAME)";
				SWIFT_OBJC_BRIDGING_HEADER = "BaseAppV2/BaseAppV2-Bridging-Header.h";
				SWIFT_VERSION = 3.0;
			};
			name = Release;
		};
		880454EF1E65E32C00D4A499 /* Debug */ = {
			isa = XCBuildConfiguration;
			baseConfigurationReference = BD922A6B53627E40F775B2B4 /* Pods-BaseAppV2Tests.debug.xcconfig */;
			buildSettings = {
				ALWAYS_EMBED_SWIFT_STANDARD_LIBRARIES = "$(inherited)";
				BUNDLE_LOADER = "$(TEST_HOST)";
				DEVELOPMENT_TEAM = 4SB3F2S2K3;
				FRAMEWORK_SEARCH_PATHS = (
					"$(inherited)",
					"$(PROJECT_DIR)/Pods/Fabric",
					"$(PROJECT_DIR)/Pods/Crashlytics",
				);
				INFOPLIST_FILE = BaseAppV2Tests/Info.plist;
				LD_RUNPATH_SEARCH_PATHS = "$(inherited) @executable_path/Frameworks @loader_path/Frameworks";
				PRODUCT_BUNDLE_IDENTIFIER = com.silverlogic.BaseAppV2Tests;
				PRODUCT_NAME = "$(TARGET_NAME)";
				SWIFT_VERSION = 3.0;
				TEST_HOST = "$(BUILT_PRODUCTS_DIR)/BaseAppV2.app/BaseAppV2";
			};
			name = Debug;
		};
		880454F01E65E32C00D4A499 /* Release */ = {
			isa = XCBuildConfiguration;
			baseConfigurationReference = 2C8400FFE90CF8694A6F126D /* Pods-BaseAppV2Tests.release.xcconfig */;
			buildSettings = {
				ALWAYS_EMBED_SWIFT_STANDARD_LIBRARIES = "$(inherited)";
				BUNDLE_LOADER = "$(TEST_HOST)";
				DEVELOPMENT_TEAM = 4SB3F2S2K3;
				FRAMEWORK_SEARCH_PATHS = (
					"$(inherited)",
					"$(PROJECT_DIR)/Pods/Fabric",
					"$(PROJECT_DIR)/Pods/Crashlytics",
				);
				INFOPLIST_FILE = BaseAppV2Tests/Info.plist;
				LD_RUNPATH_SEARCH_PATHS = "$(inherited) @executable_path/Frameworks @loader_path/Frameworks";
				PRODUCT_BUNDLE_IDENTIFIER = com.silverlogic.BaseAppV2Tests;
				PRODUCT_NAME = "$(TARGET_NAME)";
				SWIFT_VERSION = 3.0;
				TEST_HOST = "$(BUILT_PRODUCTS_DIR)/BaseAppV2.app/BaseAppV2";
			};
			name = Release;
		};
		880454F21E65E32C00D4A499 /* Debug */ = {
			isa = XCBuildConfiguration;
			baseConfigurationReference = 2E71E7C64F97E4D359C90804 /* Pods-BaseAppV2UITests.debug.xcconfig */;
			buildSettings = {
				ALWAYS_EMBED_SWIFT_STANDARD_LIBRARIES = "$(inherited)";
				DEVELOPMENT_TEAM = 4SB3F2S2K3;
				INFOPLIST_FILE = BaseAppV2UITests/Info.plist;
				LD_RUNPATH_SEARCH_PATHS = "$(inherited) @executable_path/Frameworks @loader_path/Frameworks";
				PRODUCT_BUNDLE_IDENTIFIER = com.silverlogic.BaseAppV2UITests;
				PRODUCT_NAME = "$(TARGET_NAME)";
				SWIFT_VERSION = 3.0;
				TEST_TARGET_NAME = BaseAppV2;
			};
			name = Debug;
		};
		880454F31E65E32C00D4A499 /* Release */ = {
			isa = XCBuildConfiguration;
			baseConfigurationReference = 0143B6243C093A5109C019F7 /* Pods-BaseAppV2UITests.release.xcconfig */;
			buildSettings = {
				ALWAYS_EMBED_SWIFT_STANDARD_LIBRARIES = "$(inherited)";
				DEVELOPMENT_TEAM = 4SB3F2S2K3;
				INFOPLIST_FILE = BaseAppV2UITests/Info.plist;
				LD_RUNPATH_SEARCH_PATHS = "$(inherited) @executable_path/Frameworks @loader_path/Frameworks";
				PRODUCT_BUNDLE_IDENTIFIER = com.silverlogic.BaseAppV2UITests;
				PRODUCT_NAME = "$(TARGET_NAME)";
				SWIFT_VERSION = 3.0;
				TEST_TARGET_NAME = BaseAppV2;
			};
			name = Release;
		};
/* End XCBuildConfiguration section */

/* Begin XCConfigurationList section */
		880454BC1E65E32C00D4A499 /* Build configuration list for PBXProject "BaseAppV2" */ = {
			isa = XCConfigurationList;
			buildConfigurations = (
				880454E91E65E32C00D4A499 /* Debug */,
				880454EA1E65E32C00D4A499 /* Release */,
			);
			defaultConfigurationIsVisible = 0;
			defaultConfigurationName = Release;
		};
		880454EB1E65E32C00D4A499 /* Build configuration list for PBXNativeTarget "BaseAppV2" */ = {
			isa = XCConfigurationList;
			buildConfigurations = (
				880454EC1E65E32C00D4A499 /* Debug */,
				880454ED1E65E32C00D4A499 /* Release */,
			);
			defaultConfigurationIsVisible = 0;
			defaultConfigurationName = Release;
		};
		880454EE1E65E32C00D4A499 /* Build configuration list for PBXNativeTarget "BaseAppV2Tests" */ = {
			isa = XCConfigurationList;
			buildConfigurations = (
				880454EF1E65E32C00D4A499 /* Debug */,
				880454F01E65E32C00D4A499 /* Release */,
			);
			defaultConfigurationIsVisible = 0;
			defaultConfigurationName = Release;
		};
		880454F11E65E32C00D4A499 /* Build configuration list for PBXNativeTarget "BaseAppV2UITests" */ = {
			isa = XCConfigurationList;
			buildConfigurations = (
				880454F21E65E32C00D4A499 /* Debug */,
				880454F31E65E32C00D4A499 /* Release */,
			);
			defaultConfigurationIsVisible = 0;
			defaultConfigurationName = Release;
		};
/* End XCConfigurationList section */

/* Begin XCVersionGroup section */
		887861601E68B11E00C931FC /* Model.xcdatamodeld */ = {
			isa = XCVersionGroup;
			children = (
				887861611E68B11E00C931FC /* Model.xcdatamodel */,
			);
			currentVersion = 887861611E68B11E00C931FC /* Model.xcdatamodel */;
			name = Model.xcdatamodeld;
			path = Models/Model.xcdatamodeld;
			sourceTree = "<group>";
			versionGroupType = wrapper.xcdatamodel;
		};
/* End XCVersionGroup section */
	};
	rootObject = 880454B91E65E32C00D4A499 /* Project object */;
}
